PODS:
  - Alamofire (4.0.1)
  - Crashlytics (3.8.3):
    - Fabric (~> 1.6.3)
  - Fabric (1.6.10)
  - GoogleMaps (2.1.0):
    - GoogleMaps/Maps (= 2.1.0)
  - GoogleMaps/Base (2.1.0)
  - GoogleMaps/Maps (2.1.0):
    - GoogleMaps/Base (= 2.1.0)
  - JASON (3.0)
  - PKHUD (3.2.1)
  - Realm (2.0.2):
    - Realm/Headers (= 2.0.2)
  - Realm/Headers (2.0.2)
  - RealmSwift (2.0.2):
    - Realm (= 2.0.2)
  - RxAlamofire (3.0.0):
    - RxAlamofire/Core (= 3.0.0)
  - RxAlamofire/Core (3.0.0):
    - Alamofire (~> 4.0)
    - RxSwift (~> 3.0)
  - RxBlocking (3.0.0):
    - RxSwift (~> 3.0)
  - RxCocoa (3.0.0):
    - RxSwift (~> 3.0)
  - RxSwift (3.0.0)
  - SocketRocket (0.5.1)
  - SwiftyJSON (3.1.1)

DEPENDENCIES:
  - Crashlytics
  - Fabric
  - GoogleMaps
  - JASON
  - PKHUD
  - RealmSwift
  - RxAlamofire (~> 3.0.0-rc.1)
  - RxBlocking (~> 3.0.0-rc.1)
  - RxCocoa (~> 3.0.0-rc.1)
  - RxSwift (~> 3.0.0-rc.1)
  - SocketRocket
  - SwiftyJSON (~> 3.1.1)

SPEC CHECKSUMS:
  Alamofire: 7682d43245de14874acd142ec137b144aa1dd335
  Crashlytics: 2b6dbe138a42395577cfa73dfa1aa7248cadf39e
  Fabric: c73f371ee543e3f0b80608f2674750e4910d1669
  GoogleMaps: 06589b9a38097bce0cd6e90f0fd9b5e4b4a9344c
  JASON: cf4d762e61428a20db8eaef2acb6a569a10c1801
  PKHUD: 001c11518f125a273ddf026bcc64918423744ea2
  Realm: 0f5a194af0b7e6158b83db41b4ee1a00be7ddf1a
  RealmSwift: 0eb5070d851cba7c66e841ca756d83609dc78bc8
  RxAlamofire: 0b1fa48f545fffe7f7a28af2086bcaa3b5946cc9
  RxBlocking: 0132c660340d8b8f34b65b2e099167ea6134eecf
  RxCocoa: 0a2f3ae381cf16f4021a4cee7a4420f83058a965
  RxSwift: a930cd662f5b4a7ca9dc3518585dba91dadf497c
  SocketRocket: d57c7159b83c3c6655745cd15302aa24b6bae531
  SwiftyJSON: f0be2e604f83e8405a624e9f891898bf6ed4e019

PODFILE CHECKSUM: 5340dfbcb63da6dbf16f99e82adbc977a55f3407

COCOAPODS: 1.1.0.rc.3
