PODS:
  - Alamofire (3.5.0)
  - Crashlytics (3.8.1):
    - Fabric (~> 1.6.3)
  - Fabric (1.6.8)
  - GoogleMaps (2.0.1):
    - GoogleMaps/Maps (= 2.0.1)
  - GoogleMaps/Base (2.0.1)
  - GoogleMaps/Maps (2.0.1):
    - GoogleMaps/Base (= 2.0.1)
  - JASON (2.2.1)
  - RxAlamofire (2.5):
    - RxAlamofire/Core (= 2.5)
  - RxAlamofire/Core (2.5):
    - Alamofire (~> 3.4)
    - RxSwift (~> 2.5)
  - RxBlocking (2.6.0):
    - RxSwift (~> 2.5)
  - RxCocoa (2.6.0):
    - RxSwift (~> 2.5)
  - RxSwift (2.6.0)
  - SocketRocket (0.5.1)
  - SwiftyJSON (2.3.2)

DEPENDENCIES:
  - Crashlytics
  - Fabric
  - GoogleMaps
  - JASON (~> 2.2)
  - RxAlamofire (~> 2.5)
  - RxBlocking (~> 2.6.0)
  - RxCocoa (~> 2.6.0)
  - RxSwift (~> 2.6.0)
  - SocketRocket (~> 0.5.1)
  - SwiftyJSON (~> 2.3.2)

SPEC CHECKSUMS:
  Alamofire: b70a7352335f8ea5babd0a923eb7e8eacc67b877
  Crashlytics: 4391d8df0b125345e9f209c5db6e7f40a6a8435d
  Fabric: 5755268d0171435ab167e3d0878a28a777deaf10
  GoogleMaps: f09da64fc987c1aa29394567c3cab5a3df83c402
  JASON: 2fdba956dfbf8663369b81a8176e6fcb225ebf10
  RxAlamofire: b4572a077b6b2410c8732a27266299df4c00736e
  RxBlocking: f2e0a7e74d5e9d3029d2b1118e2af01f583fbdd8
  RxCocoa: 89ab00d5753502520227940e3a0e0a0413683c6b
  RxSwift: 77f3a0b15324baa7a1c9bfa9f199648a82424e26
  SocketRocket: d57c7159b83c3c6655745cd15302aa24b6bae531
  SwiftyJSON: 04ccea08915aa0109039157c7974cf0298da292a

PODFILE CHECKSUM: 8cb0f3d452a522fd714016f23bdcb83f9f741b42

COCOAPODS: 1.1.0.beta.1
