// !$*UTF8*$!
{
	archiveVersion = 1;
	classes = {
	};
	objectVersion = 46;
	objects = {

/* Begin PBXBuildFile section */
		39C3121AE1F65C272AC25567 /* Pods_TelemetryTests.framework in Frameworks */ = {isa = PBXBuildFile; fileRef = 28A21956DA93BAD659D8B0FF /* Pods_TelemetryTests.framework */; };
		4C05421D1D4F4C4300644A89 /* POIItem.m in Sources */ = {isa = PBXBuildFile; fileRef = 4C05421C1D4F4C4300644A89 /* POIItem.m */; };
		4C0542231D4F589E00644A89 /* PreferencesManager.swift in Sources */ = {isa = PBXBuildFile; fileRef = 4C0542221D4F589E00644A89 /* PreferencesManager.swift */; };
		4C0542261D4F838C00644A89 /* MarkerIcon.xib in Resources */ = {isa = PBXBuildFile; fileRef = 4C0542251D4F838C00644A89 /* MarkerIcon.xib */; };
		4C05422B1D4F86DB00644A89 /* MarkerIcon.m in Sources */ = {isa = PBXBuildFile; fileRef = 4C05422A1D4F86DB00644A89 /* MarkerIcon.m */; };
		4C132A951D4FA04F00B47BFF /* MapFilterViewController.swift in Sources */ = {isa = PBXBuildFile; fileRef = 4C132A941D4FA04F00B47BFF /* MapFilterViewController.swift */; };
		4C132A9A1D4FA27600B47BFF /* CommonCell.swift in Sources */ = {isa = PBXBuildFile; fileRef = 4C132A991D4FA27600B47BFF /* CommonCell.swift */; };
		4C15235D1D33EA91002D0009 /* Vehicle.swift in Sources */ = {isa = PBXBuildFile; fileRef = 4C15235B1D33EA91002D0009 /* Vehicle.swift */; };
		4C15235E1D33EA91002D0009 /* Vehicles.swift in Sources */ = {isa = PBXBuildFile; fileRef = 4C15235C1D33EA91002D0009 /* Vehicles.swift */; };
		4C1523601D33EA9E002D0009 /* VehiclesAPIService.swift in Sources */ = {isa = PBXBuildFile; fileRef = 4C15235F1D33EA9E002D0009 /* VehiclesAPIService.swift */; };
		4C1523621D33EAE8002D0009 /* RxSocketManagerDelegateProxy.swift in Sources */ = {isa = PBXBuildFile; fileRef = 4C1523611D33EAE8002D0009 /* RxSocketManagerDelegateProxy.swift */; };
		4C2280481D4FB5B4008B0722 /* CompanyFilterViewController.swift in Sources */ = {isa = PBXBuildFile; fileRef = 4C2280471D4FB5B4008B0722 /* CompanyFilterViewController.swift */; };
		4C22804C1D4FB7FD008B0722 /* Filter.swift in Sources */ = {isa = PBXBuildFile; fileRef = 4C22804B1D4FB7FD008B0722 /* Filter.swift */; };
		4C56B69E1D390E6B00B3BF7D /* RxGoogleMapsDelegateProxy.swift in Sources */ = {isa = PBXBuildFile; fileRef = 4C56B69D1D390E6B00B3BF7D /* RxGoogleMapsDelegateProxy.swift */; };
		4C5B24301D36432400AC310E /* AuthClient.swift in Sources */ = {isa = PBXBuildFile; fileRef = 4C5B242F1D36432400AC310E /* AuthClient.swift */; };
		4C5B24321D36449100AC310E /* AuthAPIService.swift in Sources */ = {isa = PBXBuildFile; fileRef = 4C5B24311D36449100AC310E /* AuthAPIService.swift */; };
		4C5B24361D36452200AC310E /* DataLoader.swift in Sources */ = {isa = PBXBuildFile; fileRef = 4C5B24351D36452200AC310E /* DataLoader.swift */; };
		4C5B24391D3645DE00AC310E /* BaseResponse.swift in Sources */ = {isa = PBXBuildFile; fileRef = 4C5B24381D3645DE00AC310E /* BaseResponse.swift */; };
		4C5B243D1D366AE900AC310E /* AuthorizationViewController.swift in Sources */ = {isa = PBXBuildFile; fileRef = 4C5B243C1D366AE900AC310E /* AuthorizationViewController.swift */; };
		4C5B243F1D366B0D00AC310E /* AuthorizationViewModel.swift in Sources */ = {isa = PBXBuildFile; fileRef = 4C5B243E1D366B0D00AC310E /* AuthorizationViewModel.swift */; };
		4C5B24411D366DB400AC310E /* AuthResponse.swift in Sources */ = {isa = PBXBuildFile; fileRef = 4C5B24401D366DB400AC310E /* AuthResponse.swift */; };
		4C5B24451D367C3B00AC310E /* String+MD5.swift in Sources */ = {isa = PBXBuildFile; fileRef = 4C5B24441D367C3B00AC310E /* String+MD5.swift */; };
		4C5B24471D36877600AC310E /* Auth.swift in Sources */ = {isa = PBXBuildFile; fileRef = 4C5B24461D36877600AC310E /* Auth.swift */; };
		4C5EFB711D2D270F00FE882B /* AppDelegate.swift in Sources */ = {isa = PBXBuildFile; fileRef = 4C5EFB701D2D270F00FE882B /* AppDelegate.swift */; };
		4C5EFB731D2D270F00FE882B /* ViewController.swift in Sources */ = {isa = PBXBuildFile; fileRef = 4C5EFB721D2D270F00FE882B /* ViewController.swift */; };
		4C5EFB761D2D270F00FE882B /* Main.storyboard in Resources */ = {isa = PBXBuildFile; fileRef = 4C5EFB741D2D270F00FE882B /* Main.storyboard */; };
		4C5EFB781D2D270F00FE882B /* Assets.xcassets in Resources */ = {isa = PBXBuildFile; fileRef = 4C5EFB771D2D270F00FE882B /* Assets.xcassets */; };
		4C5EFB7B1D2D270F00FE882B /* LaunchScreen.storyboard in Resources */ = {isa = PBXBuildFile; fileRef = 4C5EFB791D2D270F00FE882B /* LaunchScreen.storyboard */; };
		4C5EFB861D2D271000FE882B /* TelemetryTests.swift in Sources */ = {isa = PBXBuildFile; fileRef = 4C5EFB851D2D271000FE882B /* TelemetryTests.swift */; };
		4C5EFB911D2D271000FE882B /* TelemetryUITests.swift in Sources */ = {isa = PBXBuildFile; fileRef = 4C5EFB901D2D271000FE882B /* TelemetryUITests.swift */; };
		4C77AD6D1D34D712002FE708 /* VehiclesViewModel.swift in Sources */ = {isa = PBXBuildFile; fileRef = 4C77AD6C1D34D712002FE708 /* VehiclesViewModel.swift */; };
		4C9A66831D2FE82F00FCA3F4 /* TelemetryClient.swift in Sources */ = {isa = PBXBuildFile; fileRef = 4C9A66821D2FE82F00FCA3F4 /* TelemetryClient.swift */; };
		4C9A66861D2FF42E00FCA3F4 /* VehiclesRequestSocket.swift in Sources */ = {isa = PBXBuildFile; fileRef = 4C9A66851D2FF42E00FCA3F4 /* VehiclesRequestSocket.swift */; };
		4CBB2DF41D3F938F000AAE33 /* GMUGridBasedClusterAlgorithm.m in Sources */ = {isa = PBXBuildFile; fileRef = 4CBB2DD41D3F938F000AAE33 /* GMUGridBasedClusterAlgorithm.m */; };
		4CBB2DF51D3F938F000AAE33 /* GMUNonHierarchicalDistanceBasedAlgorithm.m in Sources */ = {isa = PBXBuildFile; fileRef = 4CBB2DD61D3F938F000AAE33 /* GMUNonHierarchicalDistanceBasedAlgorithm.m */; };
		4CBB2DF61D3F938F000AAE33 /* GMUSimpleClusterAlgorithm.m in Sources */ = {isa = PBXBuildFile; fileRef = 4CBB2DD81D3F938F000AAE33 /* GMUSimpleClusterAlgorithm.m */; };
		4CBB2DF71D3F938F000AAE33 /* GMUWrappingDictionaryKey.m in Sources */ = {isa = PBXBuildFile; fileRef = 4CBB2DDA1D3F938F000AAE33 /* GMUWrappingDictionaryKey.m */; };
		4CBB2DF81D3F938F000AAE33 /* GMUClusterManager.m in Sources */ = {isa = PBXBuildFile; fileRef = 4CBB2DDF1D3F938F000AAE33 /* GMUClusterManager.m */; };
		4CBB2DF91D3F938F000AAE33 /* GMUStaticCluster.m in Sources */ = {isa = PBXBuildFile; fileRef = 4CBB2DE21D3F938F000AAE33 /* GMUStaticCluster.m */; };
		4CBB2DFA1D3F938F000AAE33 /* GMUDefaultClusterIconGenerator.m in Sources */ = {isa = PBXBuildFile; fileRef = 4CBB2DE81D3F938F000AAE33 /* GMUDefaultClusterIconGenerator.m */; };
		4CBB2DFB1D3F938F000AAE33 /* GMUDefaultClusterRenderer.m in Sources */ = {isa = PBXBuildFile; fileRef = 4CBB2DEB1D3F938F000AAE33 /* GMUDefaultClusterRenderer.m */; };
		4CBB2DFC1D3F938F000AAE33 /* GQTPointQuadTree.m in Sources */ = {isa = PBXBuildFile; fileRef = 4CBB2DF01D3F938F000AAE33 /* GQTPointQuadTree.m */; };
		4CBB2DFD1D3F938F000AAE33 /* GQTPointQuadTreeChild.m in Sources */ = {isa = PBXBuildFile; fileRef = 4CBB2DF21D3F938F000AAE33 /* GQTPointQuadTreeChild.m */; };
		8809A06E1D3F693000974319 /* Accelerate.framework in Frameworks */ = {isa = PBXBuildFile; fileRef = 8809A06D1D3F693000974319 /* Accelerate.framework */; };
		8809A0721D3F694D00974319 /* CoreBluetooth.framework in Frameworks */ = {isa = PBXBuildFile; fileRef = 8809A06F1D3F694D00974319 /* CoreBluetooth.framework */; };
		8809A0731D3F694D00974319 /* CoreData.framework in Frameworks */ = {isa = PBXBuildFile; fileRef = 8809A0701D3F694D00974319 /* CoreData.framework */; };
		8809A0741D3F694D00974319 /* CoreFoundation.framework in Frameworks */ = {isa = PBXBuildFile; fileRef = 8809A0711D3F694D00974319 /* CoreFoundation.framework */; };
		8809A0781D3F696F00974319 /* CoreGraphics.framework in Frameworks */ = {isa = PBXBuildFile; fileRef = 8809A0751D3F696F00974319 /* CoreGraphics.framework */; };
		8809A0791D3F696F00974319 /* CoreLocation.framework in Frameworks */ = {isa = PBXBuildFile; fileRef = 8809A0761D3F696F00974319 /* CoreLocation.framework */; };
		8809A07A1D3F696F00974319 /* Security.framework in Frameworks */ = {isa = PBXBuildFile; fileRef = 8809A0771D3F696F00974319 /* Security.framework */; };
		8809A07C1D3F698A00974319 /* AVFoundation.framework in Frameworks */ = {isa = PBXBuildFile; fileRef = 8809A07B1D3F698A00974319 /* AVFoundation.framework */; };
		8809A07E1D3F699400974319 /* QuartzCore.framework in Frameworks */ = {isa = PBXBuildFile; fileRef = 8809A07D1D3F699400974319 /* QuartzCore.framework */; };
		8809A0801D3F69AF00974319 /* libc++.tbd in Frameworks */ = {isa = PBXBuildFile; fileRef = 8809A07F1D3F69AF00974319 /* libc++.tbd */; };
		8809A0821D3F69C000974319 /* libicucore.tbd in Frameworks */ = {isa = PBXBuildFile; fileRef = 8809A0811D3F69C000974319 /* libicucore.tbd */; };
		8809A0841D3F69CA00974319 /* libz.tbd in Frameworks */ = {isa = PBXBuildFile; fileRef = 8809A0831D3F69CA00974319 /* libz.tbd */; };
		8809A0861D3F69DD00974319 /* OpenGLES.framework in Frameworks */ = {isa = PBXBuildFile; fileRef = 8809A0851D3F69DD00974319 /* OpenGLES.framework */; };
		8809A0881D3F69E600974319 /* CoreText.framework in Frameworks */ = {isa = PBXBuildFile; fileRef = 8809A0871D3F69E600974319 /* CoreText.framework */; };
		8809A08A1D3F6A5500974319 /* CFNetwork.framework in Frameworks */ = {isa = PBXBuildFile; fileRef = 8809A0891D3F6A5500974319 /* CFNetwork.framework */; };
		8809A08C1D3F6A7300974319 /* SystemConfiguration.framework in Frameworks */ = {isa = PBXBuildFile; fileRef = 8809A08B1D3F6A7300974319 /* SystemConfiguration.framework */; };
		8809A08E1D3F6AD300974319 /* GLKit.framework in Frameworks */ = {isa = PBXBuildFile; fileRef = 8809A08D1D3F6AD300974319 /* GLKit.framework */; };
		8809A0901D3F6AEA00974319 /* ImageIO.framework in Frameworks */ = {isa = PBXBuildFile; fileRef = 8809A08F1D3F6AEA00974319 /* ImageIO.framework */; };
		88263E751D534DBF00688708 /* VehiclesFilterClient.swift in Sources */ = {isa = PBXBuildFile; fileRef = 88263E741D534DBF00688708 /* VehiclesFilterClient.swift */; };
		88263E771D534DF300688708 /* VehiclesFilterResponse.swift in Sources */ = {isa = PBXBuildFile; fileRef = 88263E761D534DF300688708 /* VehiclesFilterResponse.swift */; };
		88263E791D534E4900688708 /* AutoModel.swift in Sources */ = {isa = PBXBuildFile; fileRef = 88263E781D534E4900688708 /* AutoModel.swift */; };
		88263E7B1D53517500688708 /* VehiclesFilterViewModel.swift in Sources */ = {isa = PBXBuildFile; fileRef = 88263E7A1D53517500688708 /* VehiclesFilterViewModel.swift */; };
		88263E7E1D53558A00688708 /* FilterDict.swift in Sources */ = {isa = PBXBuildFile; fileRef = 88263E7D1D53558A00688708 /* FilterDict.swift */; };
		88263E801D53688900688708 /* SelectableTableViewController.swift in Sources */ = {isa = PBXBuildFile; fileRef = 88263E7F1D53688900688708 /* SelectableTableViewController.swift */; };
		88263E831D53750200688708 /* Status.swift in Sources */ = {isa = PBXBuildFile; fileRef = 88263E821D53750200688708 /* Status.swift */; };
		884098101D427525007FEE7E /* ContainerController.swift in Sources */ = {isa = PBXBuildFile; fileRef = 8840980F1D427525007FEE7E /* ContainerController.swift */; };
		884098131D427569007FEE7E /* BaseViewController.swift in Sources */ = {isa = PBXBuildFile; fileRef = 884098121D427569007FEE7E /* BaseViewController.swift */; };
		885F5C0F1D45E6F7003353FD /* TabBarController.swift in Sources */ = {isa = PBXBuildFile; fileRef = 885F5C0E1D45E6F7003353FD /* TabBarController.swift */; };
		885F5C121D45E93A003353FD /* ApplicationState.swift in Sources */ = {isa = PBXBuildFile; fileRef = 885F5C111D45E93A003353FD /* ApplicationState.swift */; };
		885F5C141D45EA18003353FD /* DarkAlphaView.swift in Sources */ = {isa = PBXBuildFile; fileRef = 885F5C131D45EA18003353FD /* DarkAlphaView.swift */; };
		885F5C171D45EA56003353FD /* NotificationManager.swift in Sources */ = {isa = PBXBuildFile; fileRef = 885F5C161D45EA56003353FD /* NotificationManager.swift */; };
		885F5C191D45EAAC003353FD /* MenuItemViewController.swift in Sources */ = {isa = PBXBuildFile; fileRef = 885F5C181D45EAAC003353FD /* MenuItemViewController.swift */; };
		885F5C1B1D45EAFD003353FD /* BaseTableViewController.swift in Sources */ = {isa = PBXBuildFile; fileRef = 885F5C1A1D45EAFD003353FD /* BaseTableViewController.swift */; };
		885F5C1E1D45ECB0003353FD /* MenuItem.swift in Sources */ = {isa = PBXBuildFile; fileRef = 885F5C1D1D45ECB0003353FD /* MenuItem.swift */; };
		886BC1CD1D5878E800C7C7B9 /* SelectableCell.swift in Sources */ = {isa = PBXBuildFile; fileRef = 886BC1CC1D5878E800C7C7B9 /* SelectableCell.swift */; };
		886BC1CF1D59047100C7C7B9 /* AutoDetail.swift in Sources */ = {isa = PBXBuildFile; fileRef = 886BC1CE1D59047100C7C7B9 /* AutoDetail.swift */; };
		886BC1D11D59052900C7C7B9 /* Sensor.swift in Sources */ = {isa = PBXBuildFile; fileRef = 886BC1D01D59052900C7C7B9 /* Sensor.swift */; };
		886BC1D31D5905C600C7C7B9 /* AutoDetailResponse.swift in Sources */ = {isa = PBXBuildFile; fileRef = 886BC1D21D5905C600C7C7B9 /* AutoDetailResponse.swift */; };
		88BC751C1D352EB400E80256 /* MapVehiclesViewController.swift in Sources */ = {isa = PBXBuildFile; fileRef = 88BC751B1D352EB400E80256 /* MapVehiclesViewController.swift */; };
		88CAB7DB1D54B93B004829F9 /* SettingsTableViewController.swift in Sources */ = {isa = PBXBuildFile; fileRef = 88CAB7DA1D54B93B004829F9 /* SettingsTableViewController.swift */; };
		88EDFA981D53C2BF005ACA54 /* AutosDictResponse.swift in Sources */ = {isa = PBXBuildFile; fileRef = 88EDFA971D53C2BF005ACA54 /* AutosDictResponse.swift */; };
		88EDFA9A1D544EE3005ACA54 /* APIError.swift in Sources */ = {isa = PBXBuildFile; fileRef = 88EDFA991D544EE3005ACA54 /* APIError.swift */; };
		88EDFA9C1D547B4E005ACA54 /* MarkerWindow.xib in Resources */ = {isa = PBXBuildFile; fileRef = 88EDFA9B1D547B4E005ACA54 /* MarkerWindow.xib */; };
		88EDFAA11D547CB3005ACA54 /* Old.m in Sources */ = {isa = PBXBuildFile; fileRef = 88EDFAA01D547CB3005ACA54 /* Old.m */; };
		88EDFAA61D547DA0005ACA54 /* MarkerWindow.swift in Sources */ = {isa = PBXBuildFile; fileRef = 88EDFAA51D547DA0005ACA54 /* MarkerWindow.swift */; };
		88F99DA41D49C88B0031A645 /* Company.swift in Sources */ = {isa = PBXBuildFile; fileRef = 88F99DA31D49C88B0031A645 /* Company.swift */; };
		88F99DA71D49C8C40031A645 /* CompaniesViewModel.swift in Sources */ = {isa = PBXBuildFile; fileRef = 88F99DA61D49C8C40031A645 /* CompaniesViewModel.swift */; };
		88F99DA91D49DC2F0031A645 /* CompaniesClient.swift in Sources */ = {isa = PBXBuildFile; fileRef = 88F99DA81D49DC2F0031A645 /* CompaniesClient.swift */; };
		88F99DAB1D49DC940031A645 /* CompaniesResponse.swift in Sources */ = {isa = PBXBuildFile; fileRef = 88F99DAA1D49DC940031A645 /* CompaniesResponse.swift */; };
		88F99DB21D49EA060031A645 /* BaseCollectionViewController.swift in Sources */ = {isa = PBXBuildFile; fileRef = 88F99DB11D49EA060031A645 /* BaseCollectionViewController.swift */; };
		88F99DB41D49EBE90031A645 /* CompanyTableCell.swift in Sources */ = {isa = PBXBuildFile; fileRef = 88F99DB31D49EBE90031A645 /* CompanyTableCell.swift */; };
		88F99DB61D49EEEA0031A645 /* CompaniesViewController.swift in Sources */ = {isa = PBXBuildFile; fileRef = 88F99DB51D49EEEA0031A645 /* CompaniesViewController.swift */; };
		88F99DB81D4A22170031A645 /* CompanyViewController.swift in Sources */ = {isa = PBXBuildFile; fileRef = 88F99DB71D4A22170031A645 /* CompanyViewController.swift */; };
		88F99DBA1D4A226D0031A645 /* CompanyViewModel.swift in Sources */ = {isa = PBXBuildFile; fileRef = 88F99DB91D4A226D0031A645 /* CompanyViewModel.swift */; };
		88F99DBC1D4A236C0031A645 /* CompanyClient.swift in Sources */ = {isa = PBXBuildFile; fileRef = 88F99DBB1D4A236C0031A645 /* CompanyClient.swift */; };
		88F99DBE1D4A23B50031A645 /* CompanyResponse.swift in Sources */ = {isa = PBXBuildFile; fileRef = 88F99DBD1D4A23B50031A645 /* CompanyResponse.swift */; };
		88F99DC11D4A39470031A645 /* AutosViewController.swift in Sources */ = {isa = PBXBuildFile; fileRef = 88F99DC01D4A39470031A645 /* AutosViewController.swift */; };
		88F99DC31D4A3E020031A645 /* AutosClient.swift in Sources */ = {isa = PBXBuildFile; fileRef = 88F99DC21D4A3E020031A645 /* AutosClient.swift */; };
		88F99DC51D4A3FAD0031A645 /* AutosResponse.swift in Sources */ = {isa = PBXBuildFile; fileRef = 88F99DC41D4A3FAD0031A645 /* AutosResponse.swift */; };
		88F99DC71D4A3FE10031A645 /* Auto.swift in Sources */ = {isa = PBXBuildFile; fileRef = 88F99DC61D4A3FE10031A645 /* Auto.swift */; };
		88F99DC91D4A3FF80031A645 /* Autos.swift in Sources */ = {isa = PBXBuildFile; fileRef = 88F99DC81D4A3FF80031A645 /* Autos.swift */; };
		88F99DCB1D4A40EF0031A645 /* AutoResponse.swift in Sources */ = {isa = PBXBuildFile; fileRef = 88F99DCA1D4A40EF0031A645 /* AutoResponse.swift */; };
		88F99DCD1D4A438E0031A645 /* AutosViewModel.swift in Sources */ = {isa = PBXBuildFile; fileRef = 88F99DCC1D4A438E0031A645 /* AutosViewModel.swift */; };
		88F99DCF1D4A44560031A645 /* AutoCollectionCell.swift in Sources */ = {isa = PBXBuildFile; fileRef = 88F99DCE1D4A44560031A645 /* AutoCollectionCell.swift */; };
		88F99DD11D4A4B480031A645 /* AutoViewController.swift in Sources */ = {isa = PBXBuildFile; fileRef = 88F99DD01D4A4B480031A645 /* AutoViewController.swift */; };
		88F99DD31D4A4B560031A645 /* AutoViewModel.swift in Sources */ = {isa = PBXBuildFile; fileRef = 88F99DD21D4A4B560031A645 /* AutoViewModel.swift */; };
		88F99DD51D4A4B970031A645 /* AutoClient.swift in Sources */ = {isa = PBXBuildFile; fileRef = 88F99DD41D4A4B970031A645 /* AutoClient.swift */; };
		9C31D43472076EB087FBDD11 /* Pods_TelemetryUITests.framework in Frameworks */ = {isa = PBXBuildFile; fileRef = BDD0AB69755E940F1DAF3275 /* Pods_TelemetryUITests.framework */; };
		DC656B9CF3420EE1B5B95548 /* Pods_Telemetry.framework in Frameworks */ = {isa = PBXBuildFile; fileRef = C226D18C7F3F2FF143F99F8D /* Pods_Telemetry.framework */; };
/* End PBXBuildFile section */

/* Begin PBXBuildRule section */
		88EDFAAD1D54ABF1005ACA54 /* PBXBuildRule */ = {
			isa = PBXBuildRule;
			compilerSpec = com.apple.compilers.proxy.script;
			fileType = pattern.proxy;
			isEditable = 1;
			outputFiles = (
			);
		};
		88EDFAAE1D54ABF4005ACA54 /* PBXBuildRule */ = {
			isa = PBXBuildRule;
			compilerSpec = com.apple.compilers.proxy.script;
			fileType = pattern.proxy;
			isEditable = 1;
			outputFiles = (
			);
		};
/* End PBXBuildRule section */

/* Begin PBXContainerItemProxy section */
		4C5EFB821D2D271000FE882B /* PBXContainerItemProxy */ = {
			isa = PBXContainerItemProxy;
			containerPortal = 4C5EFB651D2D270F00FE882B /* Project object */;
			proxyType = 1;
			remoteGlobalIDString = 4C5EFB6C1D2D270F00FE882B;
			remoteInfo = Telemetry;
		};
		4C5EFB8D1D2D271000FE882B /* PBXContainerItemProxy */ = {
			isa = PBXContainerItemProxy;
			containerPortal = 4C5EFB651D2D270F00FE882B /* Project object */;
			proxyType = 1;
			remoteGlobalIDString = 4C5EFB6C1D2D270F00FE882B;
			remoteInfo = Telemetry;
		};
/* End PBXContainerItemProxy section */

/* Begin PBXFileReference section */
		01902F34B488B83F69A7A49D /* Pods-TelemetryTests.debug.xcconfig */ = {isa = PBXFileReference; includeInIndex = 1; lastKnownFileType = text.xcconfig; name = "Pods-TelemetryTests.debug.xcconfig"; path = "Pods/Target Support Files/Pods-TelemetryTests/Pods-TelemetryTests.debug.xcconfig"; sourceTree = "<group>"; };
		04122A061DEAC585D1F2B1C4 /* Pods-Telemetry.release.xcconfig */ = {isa = PBXFileReference; includeInIndex = 1; lastKnownFileType = text.xcconfig; name = "Pods-Telemetry.release.xcconfig"; path = "Pods/Target Support Files/Pods-Telemetry/Pods-Telemetry.release.xcconfig"; sourceTree = "<group>"; };
		1A5863E4094CA416F5D60714 /* Pods-Telemetry.debug.xcconfig */ = {isa = PBXFileReference; includeInIndex = 1; lastKnownFileType = text.xcconfig; name = "Pods-Telemetry.debug.xcconfig"; path = "Pods/Target Support Files/Pods-Telemetry/Pods-Telemetry.debug.xcconfig"; sourceTree = "<group>"; };
		28A21956DA93BAD659D8B0FF /* Pods_TelemetryTests.framework */ = {isa = PBXFileReference; explicitFileType = wrapper.framework; includeInIndex = 0; path = Pods_TelemetryTests.framework; sourceTree = BUILT_PRODUCTS_DIR; };
		4C05421B1D4F4C4300644A89 /* POIItem.h */ = {isa = PBXFileReference; fileEncoding = 4; lastKnownFileType = sourcecode.c.h; path = POIItem.h; sourceTree = "<group>"; };
		4C05421C1D4F4C4300644A89 /* POIItem.m */ = {isa = PBXFileReference; fileEncoding = 4; lastKnownFileType = sourcecode.c.objc; path = POIItem.m; sourceTree = "<group>"; };
		4C0542221D4F589E00644A89 /* PreferencesManager.swift */ = {isa = PBXFileReference; fileEncoding = 4; lastKnownFileType = sourcecode.swift; path = PreferencesManager.swift; sourceTree = "<group>"; };
		4C0542251D4F838C00644A89 /* MarkerIcon.xib */ = {isa = PBXFileReference; fileEncoding = 4; lastKnownFileType = file.xib; path = MarkerIcon.xib; sourceTree = "<group>"; };
		4C0542291D4F86DB00644A89 /* MarkerIcon.h */ = {isa = PBXFileReference; fileEncoding = 4; lastKnownFileType = sourcecode.c.h; path = MarkerIcon.h; sourceTree = "<group>"; };
		4C05422A1D4F86DB00644A89 /* MarkerIcon.m */ = {isa = PBXFileReference; fileEncoding = 4; lastKnownFileType = sourcecode.c.objc; path = MarkerIcon.m; sourceTree = "<group>"; };
		4C132A941D4FA04F00B47BFF /* MapFilterViewController.swift */ = {isa = PBXFileReference; fileEncoding = 4; lastKnownFileType = sourcecode.swift; path = MapFilterViewController.swift; sourceTree = "<group>"; };
		4C132A991D4FA27600B47BFF /* CommonCell.swift */ = {isa = PBXFileReference; fileEncoding = 4; lastKnownFileType = sourcecode.swift; path = CommonCell.swift; sourceTree = "<group>"; };
		4C15235B1D33EA91002D0009 /* Vehicle.swift */ = {isa = PBXFileReference; fileEncoding = 4; lastKnownFileType = sourcecode.swift; path = Vehicle.swift; sourceTree = "<group>"; };
		4C15235C1D33EA91002D0009 /* Vehicles.swift */ = {isa = PBXFileReference; fileEncoding = 4; lastKnownFileType = sourcecode.swift; path = Vehicles.swift; sourceTree = "<group>"; };
		4C15235F1D33EA9E002D0009 /* VehiclesAPIService.swift */ = {isa = PBXFileReference; fileEncoding = 4; lastKnownFileType = sourcecode.swift; path = VehiclesAPIService.swift; sourceTree = "<group>"; };
		4C1523611D33EAE8002D0009 /* RxSocketManagerDelegateProxy.swift */ = {isa = PBXFileReference; fileEncoding = 4; lastKnownFileType = sourcecode.swift; path = RxSocketManagerDelegateProxy.swift; sourceTree = "<group>"; };
		4C2280471D4FB5B4008B0722 /* CompanyFilterViewController.swift */ = {isa = PBXFileReference; fileEncoding = 4; lastKnownFileType = sourcecode.swift; path = CompanyFilterViewController.swift; sourceTree = "<group>"; };
		4C22804B1D4FB7FD008B0722 /* Filter.swift */ = {isa = PBXFileReference; fileEncoding = 4; lastKnownFileType = sourcecode.swift; path = Filter.swift; sourceTree = "<group>"; };
		4C56B69D1D390E6B00B3BF7D /* RxGoogleMapsDelegateProxy.swift */ = {isa = PBXFileReference; fileEncoding = 4; lastKnownFileType = sourcecode.swift; path = RxGoogleMapsDelegateProxy.swift; sourceTree = "<group>"; };
		4C5B242F1D36432400AC310E /* AuthClient.swift */ = {isa = PBXFileReference; fileEncoding = 4; lastKnownFileType = sourcecode.swift; path = AuthClient.swift; sourceTree = "<group>"; };
		4C5B24311D36449100AC310E /* AuthAPIService.swift */ = {isa = PBXFileReference; fileEncoding = 4; lastKnownFileType = sourcecode.swift; path = AuthAPIService.swift; sourceTree = "<group>"; };
		4C5B24351D36452200AC310E /* DataLoader.swift */ = {isa = PBXFileReference; fileEncoding = 4; lastKnownFileType = sourcecode.swift; path = DataLoader.swift; sourceTree = "<group>"; };
		4C5B24381D3645DE00AC310E /* BaseResponse.swift */ = {isa = PBXFileReference; fileEncoding = 4; lastKnownFileType = sourcecode.swift; path = BaseResponse.swift; sourceTree = "<group>"; };
		4C5B243C1D366AE900AC310E /* AuthorizationViewController.swift */ = {isa = PBXFileReference; fileEncoding = 4; lastKnownFileType = sourcecode.swift; path = AuthorizationViewController.swift; sourceTree = "<group>"; };
		4C5B243E1D366B0D00AC310E /* AuthorizationViewModel.swift */ = {isa = PBXFileReference; fileEncoding = 4; lastKnownFileType = sourcecode.swift; path = AuthorizationViewModel.swift; sourceTree = "<group>"; };
		4C5B24401D366DB400AC310E /* AuthResponse.swift */ = {isa = PBXFileReference; fileEncoding = 4; lastKnownFileType = sourcecode.swift; path = AuthResponse.swift; sourceTree = "<group>"; };
		4C5B24441D367C3B00AC310E /* String+MD5.swift */ = {isa = PBXFileReference; fileEncoding = 4; lastKnownFileType = sourcecode.swift; path = "String+MD5.swift"; sourceTree = "<group>"; };
		4C5B24461D36877600AC310E /* Auth.swift */ = {isa = PBXFileReference; fileEncoding = 4; lastKnownFileType = sourcecode.swift; path = Auth.swift; sourceTree = "<group>"; };
		4C5EFB6D1D2D270F00FE882B /* Telemetry.app */ = {isa = PBXFileReference; explicitFileType = wrapper.application; includeInIndex = 0; path = Telemetry.app; sourceTree = BUILT_PRODUCTS_DIR; };
		4C5EFB701D2D270F00FE882B /* AppDelegate.swift */ = {isa = PBXFileReference; lastKnownFileType = sourcecode.swift; path = AppDelegate.swift; sourceTree = "<group>"; };
		4C5EFB721D2D270F00FE882B /* ViewController.swift */ = {isa = PBXFileReference; lastKnownFileType = sourcecode.swift; path = ViewController.swift; sourceTree = "<group>"; };
		4C5EFB751D2D270F00FE882B /* Base */ = {isa = PBXFileReference; lastKnownFileType = file.storyboard; name = Base; path = Base.lproj/Main.storyboard; sourceTree = "<group>"; };
		4C5EFB771D2D270F00FE882B /* Assets.xcassets */ = {isa = PBXFileReference; lastKnownFileType = folder.assetcatalog; path = Assets.xcassets; sourceTree = "<group>"; };
		4C5EFB7A1D2D270F00FE882B /* Base */ = {isa = PBXFileReference; lastKnownFileType = file.storyboard; name = Base; path = Base.lproj/LaunchScreen.storyboard; sourceTree = "<group>"; };
		4C5EFB7C1D2D270F00FE882B /* Info.plist */ = {isa = PBXFileReference; lastKnownFileType = text.plist.xml; path = Info.plist; sourceTree = "<group>"; };
		4C5EFB811D2D271000FE882B /* TelemetryTests.xctest */ = {isa = PBXFileReference; explicitFileType = wrapper.cfbundle; includeInIndex = 0; path = TelemetryTests.xctest; sourceTree = BUILT_PRODUCTS_DIR; };
		4C5EFB851D2D271000FE882B /* TelemetryTests.swift */ = {isa = PBXFileReference; lastKnownFileType = sourcecode.swift; path = TelemetryTests.swift; sourceTree = "<group>"; };
		4C5EFB871D2D271000FE882B /* Info.plist */ = {isa = PBXFileReference; lastKnownFileType = text.plist.xml; path = Info.plist; sourceTree = "<group>"; };
		4C5EFB8C1D2D271000FE882B /* TelemetryUITests.xctest */ = {isa = PBXFileReference; explicitFileType = wrapper.cfbundle; includeInIndex = 0; path = TelemetryUITests.xctest; sourceTree = BUILT_PRODUCTS_DIR; };
		4C5EFB901D2D271000FE882B /* TelemetryUITests.swift */ = {isa = PBXFileReference; lastKnownFileType = sourcecode.swift; path = TelemetryUITests.swift; sourceTree = "<group>"; };
		4C5EFB921D2D271000FE882B /* Info.plist */ = {isa = PBXFileReference; lastKnownFileType = text.plist.xml; path = Info.plist; sourceTree = "<group>"; };
		4C77AD6C1D34D712002FE708 /* VehiclesViewModel.swift */ = {isa = PBXFileReference; fileEncoding = 4; lastKnownFileType = sourcecode.swift; path = VehiclesViewModel.swift; sourceTree = "<group>"; };
		4C9A66811D2FE76C00FCA3F4 /* BridgingHeader.h */ = {isa = PBXFileReference; lastKnownFileType = sourcecode.c.h; path = BridgingHeader.h; sourceTree = "<group>"; };
		4C9A66821D2FE82F00FCA3F4 /* TelemetryClient.swift */ = {isa = PBXFileReference; fileEncoding = 4; lastKnownFileType = sourcecode.swift; path = TelemetryClient.swift; sourceTree = "<group>"; };
		4C9A66851D2FF42E00FCA3F4 /* VehiclesRequestSocket.swift */ = {isa = PBXFileReference; fileEncoding = 4; lastKnownFileType = sourcecode.swift; path = VehiclesRequestSocket.swift; sourceTree = "<group>"; };
		4CBB2DD21D3F938F000AAE33 /* GMUClusterAlgorithm.h */ = {isa = PBXFileReference; fileEncoding = 4; lastKnownFileType = sourcecode.c.h; path = GMUClusterAlgorithm.h; sourceTree = "<group>"; };
		4CBB2DD31D3F938F000AAE33 /* GMUGridBasedClusterAlgorithm.h */ = {isa = PBXFileReference; fileEncoding = 4; lastKnownFileType = sourcecode.c.h; path = GMUGridBasedClusterAlgorithm.h; sourceTree = "<group>"; };
		4CBB2DD41D3F938F000AAE33 /* GMUGridBasedClusterAlgorithm.m */ = {isa = PBXFileReference; fileEncoding = 4; lastKnownFileType = sourcecode.c.objc; path = GMUGridBasedClusterAlgorithm.m; sourceTree = "<group>"; };
		4CBB2DD51D3F938F000AAE33 /* GMUNonHierarchicalDistanceBasedAlgorithm.h */ = {isa = PBXFileReference; fileEncoding = 4; lastKnownFileType = sourcecode.c.h; path = GMUNonHierarchicalDistanceBasedAlgorithm.h; sourceTree = "<group>"; };
		4CBB2DD61D3F938F000AAE33 /* GMUNonHierarchicalDistanceBasedAlgorithm.m */ = {isa = PBXFileReference; fileEncoding = 4; lastKnownFileType = sourcecode.c.objc; path = GMUNonHierarchicalDistanceBasedAlgorithm.m; sourceTree = "<group>"; };
		4CBB2DD71D3F938F000AAE33 /* GMUSimpleClusterAlgorithm.h */ = {isa = PBXFileReference; fileEncoding = 4; lastKnownFileType = sourcecode.c.h; path = GMUSimpleClusterAlgorithm.h; sourceTree = "<group>"; };
		4CBB2DD81D3F938F000AAE33 /* GMUSimpleClusterAlgorithm.m */ = {isa = PBXFileReference; fileEncoding = 4; lastKnownFileType = sourcecode.c.objc; path = GMUSimpleClusterAlgorithm.m; sourceTree = "<group>"; };
		4CBB2DD91D3F938F000AAE33 /* GMUWrappingDictionaryKey.h */ = {isa = PBXFileReference; fileEncoding = 4; lastKnownFileType = sourcecode.c.h; path = GMUWrappingDictionaryKey.h; sourceTree = "<group>"; };
		4CBB2DDA1D3F938F000AAE33 /* GMUWrappingDictionaryKey.m */ = {isa = PBXFileReference; fileEncoding = 4; lastKnownFileType = sourcecode.c.objc; path = GMUWrappingDictionaryKey.m; sourceTree = "<group>"; };
		4CBB2DDB1D3F938F000AAE33 /* GMUCluster.h */ = {isa = PBXFileReference; fileEncoding = 4; lastKnownFileType = sourcecode.c.h; path = GMUCluster.h; sourceTree = "<group>"; };
		4CBB2DDC1D3F938F000AAE33 /* GMUClusterItem.h */ = {isa = PBXFileReference; fileEncoding = 4; lastKnownFileType = sourcecode.c.h; path = GMUClusterItem.h; sourceTree = "<group>"; };
		4CBB2DDD1D3F938F000AAE33 /* GMUClusterManager+Testing.h */ = {isa = PBXFileReference; fileEncoding = 4; lastKnownFileType = sourcecode.c.h; path = "GMUClusterManager+Testing.h"; sourceTree = "<group>"; };
		4CBB2DDE1D3F938F000AAE33 /* GMUClusterManager.h */ = {isa = PBXFileReference; fileEncoding = 4; lastKnownFileType = sourcecode.c.h; path = GMUClusterManager.h; sourceTree = "<group>"; };
		4CBB2DDF1D3F938F000AAE33 /* GMUClusterManager.m */ = {isa = PBXFileReference; fileEncoding = 4; lastKnownFileType = sourcecode.c.objc; path = GMUClusterManager.m; sourceTree = "<group>"; };
		4CBB2DE01D3F938F000AAE33 /* GMUMarkerClustering.h */ = {isa = PBXFileReference; fileEncoding = 4; lastKnownFileType = sourcecode.c.h; path = GMUMarkerClustering.h; sourceTree = "<group>"; };
		4CBB2DE11D3F938F000AAE33 /* GMUStaticCluster.h */ = {isa = PBXFileReference; fileEncoding = 4; lastKnownFileType = sourcecode.c.h; path = GMUStaticCluster.h; sourceTree = "<group>"; };
		4CBB2DE21D3F938F000AAE33 /* GMUStaticCluster.m */ = {isa = PBXFileReference; fileEncoding = 4; lastKnownFileType = sourcecode.c.objc; path = GMUStaticCluster.m; sourceTree = "<group>"; };
		4CBB2DE41D3F938F000AAE33 /* GMUClusterIconGenerator.h */ = {isa = PBXFileReference; fileEncoding = 4; lastKnownFileType = sourcecode.c.h; path = GMUClusterIconGenerator.h; sourceTree = "<group>"; };
		4CBB2DE51D3F938F000AAE33 /* GMUClusterRenderer.h */ = {isa = PBXFileReference; fileEncoding = 4; lastKnownFileType = sourcecode.c.h; path = GMUClusterRenderer.h; sourceTree = "<group>"; };
		4CBB2DE61D3F938F000AAE33 /* GMUDefaultClusterIconGenerator+Testing.h */ = {isa = PBXFileReference; fileEncoding = 4; lastKnownFileType = sourcecode.c.h; path = "GMUDefaultClusterIconGenerator+Testing.h"; sourceTree = "<group>"; };
		4CBB2DE71D3F938F000AAE33 /* GMUDefaultClusterIconGenerator.h */ = {isa = PBXFileReference; fileEncoding = 4; lastKnownFileType = sourcecode.c.h; path = GMUDefaultClusterIconGenerator.h; sourceTree = "<group>"; };
		4CBB2DE81D3F938F000AAE33 /* GMUDefaultClusterIconGenerator.m */ = {isa = PBXFileReference; fileEncoding = 4; lastKnownFileType = sourcecode.c.objc; path = GMUDefaultClusterIconGenerator.m; sourceTree = "<group>"; };
		4CBB2DE91D3F938F000AAE33 /* GMUDefaultClusterRenderer+Testing.h */ = {isa = PBXFileReference; fileEncoding = 4; lastKnownFileType = sourcecode.c.h; path = "GMUDefaultClusterRenderer+Testing.h"; sourceTree = "<group>"; };
		4CBB2DEA1D3F938F000AAE33 /* GMUDefaultClusterRenderer.h */ = {isa = PBXFileReference; fileEncoding = 4; lastKnownFileType = sourcecode.c.h; path = GMUDefaultClusterRenderer.h; sourceTree = "<group>"; };
		4CBB2DEB1D3F938F000AAE33 /* GMUDefaultClusterRenderer.m */ = {isa = PBXFileReference; fileEncoding = 4; lastKnownFileType = sourcecode.c.objc; path = GMUDefaultClusterRenderer.m; sourceTree = "<group>"; };
		4CBB2DED1D3F938F000AAE33 /* GQTBounds.h */ = {isa = PBXFileReference; fileEncoding = 4; lastKnownFileType = sourcecode.c.h; path = GQTBounds.h; sourceTree = "<group>"; };
		4CBB2DEE1D3F938F000AAE33 /* GQTPoint.h */ = {isa = PBXFileReference; fileEncoding = 4; lastKnownFileType = sourcecode.c.h; path = GQTPoint.h; sourceTree = "<group>"; };
		4CBB2DEF1D3F938F000AAE33 /* GQTPointQuadTree.h */ = {isa = PBXFileReference; fileEncoding = 4; lastKnownFileType = sourcecode.c.h; path = GQTPointQuadTree.h; sourceTree = "<group>"; };
		4CBB2DF01D3F938F000AAE33 /* GQTPointQuadTree.m */ = {isa = PBXFileReference; fileEncoding = 4; lastKnownFileType = sourcecode.c.objc; path = GQTPointQuadTree.m; sourceTree = "<group>"; };
		4CBB2DF11D3F938F000AAE33 /* GQTPointQuadTreeChild.h */ = {isa = PBXFileReference; fileEncoding = 4; lastKnownFileType = sourcecode.c.h; path = GQTPointQuadTreeChild.h; sourceTree = "<group>"; };
		4CBB2DF21D3F938F000AAE33 /* GQTPointQuadTreeChild.m */ = {isa = PBXFileReference; fileEncoding = 4; lastKnownFileType = sourcecode.c.objc; path = GQTPointQuadTreeChild.m; sourceTree = "<group>"; };
		4CBB2DF31D3F938F000AAE33 /* GQTPointQuadTreeItem.h */ = {isa = PBXFileReference; fileEncoding = 4; lastKnownFileType = sourcecode.c.h; path = GQTPointQuadTreeItem.h; sourceTree = "<group>"; };
		8809A06D1D3F693000974319 /* Accelerate.framework */ = {isa = PBXFileReference; lastKnownFileType = wrapper.framework; name = Accelerate.framework; path = System/Library/Frameworks/Accelerate.framework; sourceTree = SDKROOT; };
		8809A06F1D3F694D00974319 /* CoreBluetooth.framework */ = {isa = PBXFileReference; lastKnownFileType = wrapper.framework; name = CoreBluetooth.framework; path = System/Library/Frameworks/CoreBluetooth.framework; sourceTree = SDKROOT; };
		8809A0701D3F694D00974319 /* CoreData.framework */ = {isa = PBXFileReference; lastKnownFileType = wrapper.framework; name = CoreData.framework; path = System/Library/Frameworks/CoreData.framework; sourceTree = SDKROOT; };
		8809A0711D3F694D00974319 /* CoreFoundation.framework */ = {isa = PBXFileReference; lastKnownFileType = wrapper.framework; name = CoreFoundation.framework; path = System/Library/Frameworks/CoreFoundation.framework; sourceTree = SDKROOT; };
		8809A0751D3F696F00974319 /* CoreGraphics.framework */ = {isa = PBXFileReference; lastKnownFileType = wrapper.framework; name = CoreGraphics.framework; path = System/Library/Frameworks/CoreGraphics.framework; sourceTree = SDKROOT; };
		8809A0761D3F696F00974319 /* CoreLocation.framework */ = {isa = PBXFileReference; lastKnownFileType = wrapper.framework; name = CoreLocation.framework; path = System/Library/Frameworks/CoreLocation.framework; sourceTree = SDKROOT; };
		8809A0771D3F696F00974319 /* Security.framework */ = {isa = PBXFileReference; lastKnownFileType = wrapper.framework; name = Security.framework; path = System/Library/Frameworks/Security.framework; sourceTree = SDKROOT; };
		8809A07B1D3F698A00974319 /* AVFoundation.framework */ = {isa = PBXFileReference; lastKnownFileType = wrapper.framework; name = AVFoundation.framework; path = System/Library/Frameworks/AVFoundation.framework; sourceTree = SDKROOT; };
		8809A07D1D3F699400974319 /* QuartzCore.framework */ = {isa = PBXFileReference; lastKnownFileType = wrapper.framework; name = QuartzCore.framework; path = System/Library/Frameworks/QuartzCore.framework; sourceTree = SDKROOT; };
		8809A07F1D3F69AF00974319 /* libc++.tbd */ = {isa = PBXFileReference; lastKnownFileType = "sourcecode.text-based-dylib-definition"; name = "libc++.tbd"; path = "usr/lib/libc++.tbd"; sourceTree = SDKROOT; };
		8809A0811D3F69C000974319 /* libicucore.tbd */ = {isa = PBXFileReference; lastKnownFileType = "sourcecode.text-based-dylib-definition"; name = libicucore.tbd; path = usr/lib/libicucore.tbd; sourceTree = SDKROOT; };
		8809A0831D3F69CA00974319 /* libz.tbd */ = {isa = PBXFileReference; lastKnownFileType = "sourcecode.text-based-dylib-definition"; name = libz.tbd; path = usr/lib/libz.tbd; sourceTree = SDKROOT; };
		8809A0851D3F69DD00974319 /* OpenGLES.framework */ = {isa = PBXFileReference; lastKnownFileType = wrapper.framework; name = OpenGLES.framework; path = System/Library/Frameworks/OpenGLES.framework; sourceTree = SDKROOT; };
		8809A0871D3F69E600974319 /* CoreText.framework */ = {isa = PBXFileReference; lastKnownFileType = wrapper.framework; name = CoreText.framework; path = System/Library/Frameworks/CoreText.framework; sourceTree = SDKROOT; };
		8809A0891D3F6A5500974319 /* CFNetwork.framework */ = {isa = PBXFileReference; lastKnownFileType = wrapper.framework; name = CFNetwork.framework; path = System/Library/Frameworks/CFNetwork.framework; sourceTree = SDKROOT; };
		8809A08B1D3F6A7300974319 /* SystemConfiguration.framework */ = {isa = PBXFileReference; lastKnownFileType = wrapper.framework; name = SystemConfiguration.framework; path = System/Library/Frameworks/SystemConfiguration.framework; sourceTree = SDKROOT; };
		8809A08D1D3F6AD300974319 /* GLKit.framework */ = {isa = PBXFileReference; lastKnownFileType = wrapper.framework; name = GLKit.framework; path = System/Library/Frameworks/GLKit.framework; sourceTree = SDKROOT; };
		8809A08F1D3F6AEA00974319 /* ImageIO.framework */ = {isa = PBXFileReference; lastKnownFileType = wrapper.framework; name = ImageIO.framework; path = System/Library/Frameworks/ImageIO.framework; sourceTree = SDKROOT; };
		88263E741D534DBF00688708 /* VehiclesFilterClient.swift */ = {isa = PBXFileReference; fileEncoding = 4; lastKnownFileType = sourcecode.swift; path = VehiclesFilterClient.swift; sourceTree = "<group>"; };
		88263E761D534DF300688708 /* VehiclesFilterResponse.swift */ = {isa = PBXFileReference; fileEncoding = 4; lastKnownFileType = sourcecode.swift; path = VehiclesFilterResponse.swift; sourceTree = "<group>"; };
		88263E781D534E4900688708 /* AutoModel.swift */ = {isa = PBXFileReference; fileEncoding = 4; lastKnownFileType = sourcecode.swift; path = AutoModel.swift; sourceTree = "<group>"; };
		88263E7A1D53517500688708 /* VehiclesFilterViewModel.swift */ = {isa = PBXFileReference; fileEncoding = 4; lastKnownFileType = sourcecode.swift; path = VehiclesFilterViewModel.swift; sourceTree = "<group>"; };
		88263E7D1D53558A00688708 /* FilterDict.swift */ = {isa = PBXFileReference; fileEncoding = 4; lastKnownFileType = sourcecode.swift; path = FilterDict.swift; sourceTree = "<group>"; };
		88263E7F1D53688900688708 /* SelectableTableViewController.swift */ = {isa = PBXFileReference; fileEncoding = 4; lastKnownFileType = sourcecode.swift; path = SelectableTableViewController.swift; sourceTree = "<group>"; };
		88263E821D53750200688708 /* Status.swift */ = {isa = PBXFileReference; fileEncoding = 4; lastKnownFileType = sourcecode.swift; path = Status.swift; sourceTree = "<group>"; };
		8840980F1D427525007FEE7E /* ContainerController.swift */ = {isa = PBXFileReference; fileEncoding = 4; lastKnownFileType = sourcecode.swift; path = ContainerController.swift; sourceTree = "<group>"; };
		884098121D427569007FEE7E /* BaseViewController.swift */ = {isa = PBXFileReference; fileEncoding = 4; lastKnownFileType = sourcecode.swift; path = BaseViewController.swift; sourceTree = "<group>"; };
		885F5C0E1D45E6F7003353FD /* TabBarController.swift */ = {isa = PBXFileReference; fileEncoding = 4; lastKnownFileType = sourcecode.swift; path = TabBarController.swift; sourceTree = "<group>"; };
		885F5C111D45E93A003353FD /* ApplicationState.swift */ = {isa = PBXFileReference; fileEncoding = 4; lastKnownFileType = sourcecode.swift; path = ApplicationState.swift; sourceTree = "<group>"; };
		885F5C131D45EA18003353FD /* DarkAlphaView.swift */ = {isa = PBXFileReference; fileEncoding = 4; lastKnownFileType = sourcecode.swift; path = DarkAlphaView.swift; sourceTree = "<group>"; };
		885F5C161D45EA56003353FD /* NotificationManager.swift */ = {isa = PBXFileReference; fileEncoding = 4; lastKnownFileType = sourcecode.swift; path = NotificationManager.swift; sourceTree = "<group>"; };
		885F5C181D45EAAC003353FD /* MenuItemViewController.swift */ = {isa = PBXFileReference; fileEncoding = 4; lastKnownFileType = sourcecode.swift; path = MenuItemViewController.swift; sourceTree = "<group>"; };
		885F5C1A1D45EAFD003353FD /* BaseTableViewController.swift */ = {isa = PBXFileReference; fileEncoding = 4; lastKnownFileType = sourcecode.swift; path = BaseTableViewController.swift; sourceTree = "<group>"; };
		885F5C1D1D45ECB0003353FD /* MenuItem.swift */ = {isa = PBXFileReference; fileEncoding = 4; lastKnownFileType = sourcecode.swift; path = MenuItem.swift; sourceTree = "<group>"; };
		886BC1CC1D5878E800C7C7B9 /* SelectableCell.swift */ = {isa = PBXFileReference; fileEncoding = 4; lastKnownFileType = sourcecode.swift; path = SelectableCell.swift; sourceTree = "<group>"; };
		886BC1CE1D59047100C7C7B9 /* AutoDetail.swift */ = {isa = PBXFileReference; fileEncoding = 4; lastKnownFileType = sourcecode.swift; path = AutoDetail.swift; sourceTree = "<group>"; };
		886BC1D01D59052900C7C7B9 /* Sensor.swift */ = {isa = PBXFileReference; fileEncoding = 4; lastKnownFileType = sourcecode.swift; path = Sensor.swift; sourceTree = "<group>"; };
		886BC1D21D5905C600C7C7B9 /* AutoDetailResponse.swift */ = {isa = PBXFileReference; fileEncoding = 4; lastKnownFileType = sourcecode.swift; path = AutoDetailResponse.swift; sourceTree = "<group>"; };
		88BC751B1D352EB400E80256 /* MapVehiclesViewController.swift */ = {isa = PBXFileReference; fileEncoding = 4; lastKnownFileType = sourcecode.swift; path = MapVehiclesViewController.swift; sourceTree = "<group>"; };
		88CAB7DA1D54B93B004829F9 /* SettingsTableViewController.swift */ = {isa = PBXFileReference; fileEncoding = 4; lastKnownFileType = sourcecode.swift; path = SettingsTableViewController.swift; sourceTree = "<group>"; };
		88EDFA971D53C2BF005ACA54 /* AutosDictResponse.swift */ = {isa = PBXFileReference; fileEncoding = 4; lastKnownFileType = sourcecode.swift; path = AutosDictResponse.swift; sourceTree = "<group>"; };
		88EDFA991D544EE3005ACA54 /* APIError.swift */ = {isa = PBXFileReference; fileEncoding = 4; lastKnownFileType = sourcecode.swift; path = APIError.swift; sourceTree = "<group>"; };
		88EDFA9B1D547B4E005ACA54 /* MarkerWindow.xib */ = {isa = PBXFileReference; fileEncoding = 4; lastKnownFileType = file.xib; path = MarkerWindow.xib; sourceTree = "<group>"; };
		88EDFA9F1D547CB3005ACA54 /* Old.h */ = {isa = PBXFileReference; fileEncoding = 4; lastKnownFileType = sourcecode.c.h; path = Old.h; sourceTree = "<group>"; };
		88EDFAA01D547CB3005ACA54 /* Old.m */ = {isa = PBXFileReference; fileEncoding = 4; lastKnownFileType = sourcecode.c.objc; path = Old.m; sourceTree = "<group>"; };
		88EDFAA51D547DA0005ACA54 /* MarkerWindow.swift */ = {isa = PBXFileReference; fileEncoding = 4; lastKnownFileType = sourcecode.swift; path = MarkerWindow.swift; sourceTree = "<group>"; };
		88F99DA31D49C88B0031A645 /* Company.swift */ = {isa = PBXFileReference; fileEncoding = 4; lastKnownFileType = sourcecode.swift; path = Company.swift; sourceTree = "<group>"; };
		88F99DA61D49C8C40031A645 /* CompaniesViewModel.swift */ = {isa = PBXFileReference; fileEncoding = 4; lastKnownFileType = sourcecode.swift; path = CompaniesViewModel.swift; sourceTree = "<group>"; };
		88F99DA81D49DC2F0031A645 /* CompaniesClient.swift */ = {isa = PBXFileReference; fileEncoding = 4; lastKnownFileType = sourcecode.swift; path = CompaniesClient.swift; sourceTree = "<group>"; };
		88F99DAA1D49DC940031A645 /* CompaniesResponse.swift */ = {isa = PBXFileReference; fileEncoding = 4; lastKnownFileType = sourcecode.swift; path = CompaniesResponse.swift; sourceTree = "<group>"; };
		88F99DB11D49EA060031A645 /* BaseCollectionViewController.swift */ = {isa = PBXFileReference; fileEncoding = 4; lastKnownFileType = sourcecode.swift; path = BaseCollectionViewController.swift; sourceTree = "<group>"; };
		88F99DB31D49EBE90031A645 /* CompanyTableCell.swift */ = {isa = PBXFileReference; fileEncoding = 4; lastKnownFileType = sourcecode.swift; path = CompanyTableCell.swift; sourceTree = "<group>"; };
		88F99DB51D49EEEA0031A645 /* CompaniesViewController.swift */ = {isa = PBXFileReference; fileEncoding = 4; lastKnownFileType = sourcecode.swift; path = CompaniesViewController.swift; sourceTree = "<group>"; };
		88F99DB71D4A22170031A645 /* CompanyViewController.swift */ = {isa = PBXFileReference; fileEncoding = 4; lastKnownFileType = sourcecode.swift; path = CompanyViewController.swift; sourceTree = "<group>"; };
		88F99DB91D4A226D0031A645 /* CompanyViewModel.swift */ = {isa = PBXFileReference; fileEncoding = 4; lastKnownFileType = sourcecode.swift; path = CompanyViewModel.swift; sourceTree = "<group>"; };
		88F99DBB1D4A236C0031A645 /* CompanyClient.swift */ = {isa = PBXFileReference; fileEncoding = 4; lastKnownFileType = sourcecode.swift; path = CompanyClient.swift; sourceTree = "<group>"; };
		88F99DBD1D4A23B50031A645 /* CompanyResponse.swift */ = {isa = PBXFileReference; fileEncoding = 4; lastKnownFileType = sourcecode.swift; path = CompanyResponse.swift; sourceTree = "<group>"; };
		88F99DC01D4A39470031A645 /* AutosViewController.swift */ = {isa = PBXFileReference; fileEncoding = 4; lastKnownFileType = sourcecode.swift; path = AutosViewController.swift; sourceTree = "<group>"; };
		88F99DC21D4A3E020031A645 /* AutosClient.swift */ = {isa = PBXFileReference; fileEncoding = 4; lastKnownFileType = sourcecode.swift; path = AutosClient.swift; sourceTree = "<group>"; };
		88F99DC41D4A3FAD0031A645 /* AutosResponse.swift */ = {isa = PBXFileReference; fileEncoding = 4; lastKnownFileType = sourcecode.swift; path = AutosResponse.swift; sourceTree = "<group>"; };
		88F99DC61D4A3FE10031A645 /* Auto.swift */ = {isa = PBXFileReference; fileEncoding = 4; lastKnownFileType = sourcecode.swift; path = Auto.swift; sourceTree = "<group>"; };
		88F99DC81D4A3FF80031A645 /* Autos.swift */ = {isa = PBXFileReference; fileEncoding = 4; lastKnownFileType = sourcecode.swift; path = Autos.swift; sourceTree = "<group>"; };
		88F99DCA1D4A40EF0031A645 /* AutoResponse.swift */ = {isa = PBXFileReference; fileEncoding = 4; lastKnownFileType = sourcecode.swift; path = AutoResponse.swift; sourceTree = "<group>"; };
		88F99DCC1D4A438E0031A645 /* AutosViewModel.swift */ = {isa = PBXFileReference; fileEncoding = 4; lastKnownFileType = sourcecode.swift; path = AutosViewModel.swift; sourceTree = "<group>"; };
		88F99DCE1D4A44560031A645 /* AutoCollectionCell.swift */ = {isa = PBXFileReference; fileEncoding = 4; lastKnownFileType = sourcecode.swift; path = AutoCollectionCell.swift; sourceTree = "<group>"; };
		88F99DD01D4A4B480031A645 /* AutoViewController.swift */ = {isa = PBXFileReference; fileEncoding = 4; lastKnownFileType = sourcecode.swift; path = AutoViewController.swift; sourceTree = "<group>"; };
		88F99DD21D4A4B560031A645 /* AutoViewModel.swift */ = {isa = PBXFileReference; fileEncoding = 4; lastKnownFileType = sourcecode.swift; path = AutoViewModel.swift; sourceTree = "<group>"; };
		88F99DD41D4A4B970031A645 /* AutoClient.swift */ = {isa = PBXFileReference; fileEncoding = 4; lastKnownFileType = sourcecode.swift; path = AutoClient.swift; sourceTree = "<group>"; };
		AC8A71628067E040B1606B5F /* Pods-TelemetryUITests.debug.xcconfig */ = {isa = PBXFileReference; includeInIndex = 1; lastKnownFileType = text.xcconfig; name = "Pods-TelemetryUITests.debug.xcconfig"; path = "Pods/Target Support Files/Pods-TelemetryUITests/Pods-TelemetryUITests.debug.xcconfig"; sourceTree = "<group>"; };
		BDD0AB69755E940F1DAF3275 /* Pods_TelemetryUITests.framework */ = {isa = PBXFileReference; explicitFileType = wrapper.framework; includeInIndex = 0; path = Pods_TelemetryUITests.framework; sourceTree = BUILT_PRODUCTS_DIR; };
		C226D18C7F3F2FF143F99F8D /* Pods_Telemetry.framework */ = {isa = PBXFileReference; explicitFileType = wrapper.framework; includeInIndex = 0; path = Pods_Telemetry.framework; sourceTree = BUILT_PRODUCTS_DIR; };
		C9C0F15AB2A7A13BE9DB593E /* Pods-TelemetryUITests.release.xcconfig */ = {isa = PBXFileReference; includeInIndex = 1; lastKnownFileType = text.xcconfig; name = "Pods-TelemetryUITests.release.xcconfig"; path = "Pods/Target Support Files/Pods-TelemetryUITests/Pods-TelemetryUITests.release.xcconfig"; sourceTree = "<group>"; };
		E6173000B8F8B5DA0D2CE7B2 /* Pods-TelemetryTests.release.xcconfig */ = {isa = PBXFileReference; includeInIndex = 1; lastKnownFileType = text.xcconfig; name = "Pods-TelemetryTests.release.xcconfig"; path = "Pods/Target Support Files/Pods-TelemetryTests/Pods-TelemetryTests.release.xcconfig"; sourceTree = "<group>"; };
/* End PBXFileReference section */

/* Begin PBXFrameworksBuildPhase section */
		4C5EFB6A1D2D270F00FE882B /* Frameworks */ = {
			isa = PBXFrameworksBuildPhase;
			buildActionMask = 2147483647;
			files = (
				8809A0901D3F6AEA00974319 /* ImageIO.framework in Frameworks */,
				8809A08E1D3F6AD300974319 /* GLKit.framework in Frameworks */,
				8809A08C1D3F6A7300974319 /* SystemConfiguration.framework in Frameworks */,
				8809A08A1D3F6A5500974319 /* CFNetwork.framework in Frameworks */,
				8809A0881D3F69E600974319 /* CoreText.framework in Frameworks */,
				8809A0861D3F69DD00974319 /* OpenGLES.framework in Frameworks */,
				8809A0841D3F69CA00974319 /* libz.tbd in Frameworks */,
				8809A0821D3F69C000974319 /* libicucore.tbd in Frameworks */,
				8809A0801D3F69AF00974319 /* libc++.tbd in Frameworks */,
				8809A07E1D3F699400974319 /* QuartzCore.framework in Frameworks */,
				8809A07C1D3F698A00974319 /* AVFoundation.framework in Frameworks */,
				8809A0781D3F696F00974319 /* CoreGraphics.framework in Frameworks */,
				8809A0791D3F696F00974319 /* CoreLocation.framework in Frameworks */,
				8809A07A1D3F696F00974319 /* Security.framework in Frameworks */,
				8809A0721D3F694D00974319 /* CoreBluetooth.framework in Frameworks */,
				8809A0731D3F694D00974319 /* CoreData.framework in Frameworks */,
				8809A0741D3F694D00974319 /* CoreFoundation.framework in Frameworks */,
				8809A06E1D3F693000974319 /* Accelerate.framework in Frameworks */,
				DC656B9CF3420EE1B5B95548 /* Pods_Telemetry.framework in Frameworks */,
			);
			runOnlyForDeploymentPostprocessing = 0;
		};
		4C5EFB7E1D2D271000FE882B /* Frameworks */ = {
			isa = PBXFrameworksBuildPhase;
			buildActionMask = 2147483647;
			files = (
				39C3121AE1F65C272AC25567 /* Pods_TelemetryTests.framework in Frameworks */,
			);
			runOnlyForDeploymentPostprocessing = 0;
		};
		4C5EFB891D2D271000FE882B /* Frameworks */ = {
			isa = PBXFrameworksBuildPhase;
			buildActionMask = 2147483647;
			files = (
				9C31D43472076EB087FBDD11 /* Pods_TelemetryUITests.framework in Frameworks */,
			);
			runOnlyForDeploymentPostprocessing = 0;
		};
/* End PBXFrameworksBuildPhase section */

/* Begin PBXGroup section */
		4C05421E1D4F585800644A89 /* App preferences */ = {
			isa = PBXGroup;
			children = (
				4C0542221D4F589E00644A89 /* PreferencesManager.swift */,
			);
			name = "App preferences";
			sourceTree = "<group>";
		};
		4C0542241D4F837200644A89 /* xibs */ = {
			isa = PBXGroup;
			children = (
				4C0542251D4F838C00644A89 /* MarkerIcon.xib */,
				4C0542291D4F86DB00644A89 /* MarkerIcon.h */,
				4C05422A1D4F86DB00644A89 /* MarkerIcon.m */,
				88EDFA9B1D547B4E005ACA54 /* MarkerWindow.xib */,
				88EDFA9F1D547CB3005ACA54 /* Old.h */,
				88EDFAA01D547CB3005ACA54 /* Old.m */,
				88EDFAA51D547DA0005ACA54 /* MarkerWindow.swift */,
			);
			name = xibs;
			sourceTree = "<group>";
		};
		4C1523631D33EC2D002D0009 /* Proxy for delegate */ = {
			isa = PBXGroup;
			children = (
				4C1523611D33EAE8002D0009 /* RxSocketManagerDelegateProxy.swift */,
				4C56B69D1D390E6B00B3BF7D /* RxGoogleMapsDelegateProxy.swift */,
			);
			name = "Proxy for delegate";
			sourceTree = "<group>";
		};
		4C2280461D4FB594008B0722 /* Filters */ = {
			isa = PBXGroup;
			children = (
				4C22804A1D4FB5DD008B0722 /* Company */,
				4C2280491D4FB5D5008B0722 /* Map */,
			);
			name = Filters;
			sourceTree = "<group>";
		};
		4C2280491D4FB5D5008B0722 /* Map */ = {
			isa = PBXGroup;
			children = (
				4C132A941D4FA04F00B47BFF /* MapFilterViewController.swift */,
				88263E7A1D53517500688708 /* VehiclesFilterViewModel.swift */,
			);
			name = Map;
			sourceTree = "<group>";
		};
		4C22804A1D4FB5DD008B0722 /* Company */ = {
			isa = PBXGroup;
			children = (
				4C2280471D4FB5B4008B0722 /* CompanyFilterViewController.swift */,
			);
			name = Company;
			sourceTree = "<group>";
		};
		4C5AD7D71D2E8D1F00260F9D /* UI */ = {
			isa = PBXGroup;
			children = (
				88CAB7D91D54B91B004829F9 /* Settings */,
				4C2280461D4FB594008B0722 /* Filters */,
				88F99DBF1D4A377C0031A645 /* Vehicles */,
				88F99DAE1D49E9A00031A645 /* Cells */,
				88F99DA51D49C8AD0031A645 /* Organizations */,
				884098111D42754D007FEE7E /* Base */,
				8840980E1D427503007FEE7E /* Common */,
				4C5B243B1D366AA000AC310E /* Auth */,
				4C5B243A1D366A8900AC310E /* Vehicles&Map */,
			);
			name = UI;
			sourceTree = "<group>";
		};
		4C5B24331D36449B00AC310E /* Services */ = {
			isa = PBXGroup;
			children = (
				4C15235F1D33EA9E002D0009 /* VehiclesAPIService.swift */,
				4C5B24311D36449100AC310E /* AuthAPIService.swift */,
			);
			name = Services;
			sourceTree = "<group>";
		};
		4C5B24341D3644A700AC310E /* Clients */ = {
			isa = PBXGroup;
			children = (
				4C9A66821D2FE82F00FCA3F4 /* TelemetryClient.swift */,
				4C5B242F1D36432400AC310E /* AuthClient.swift */,
				88F99DA81D49DC2F0031A645 /* CompaniesClient.swift */,
				88F99DBB1D4A236C0031A645 /* CompanyClient.swift */,
				88F99DC21D4A3E020031A645 /* AutosClient.swift */,
				88F99DD41D4A4B970031A645 /* AutoClient.swift */,
				88263E741D534DBF00688708 /* VehiclesFilterClient.swift */,
			);
			name = Clients;
			sourceTree = "<group>";
		};
		4C5B24371D3645CC00AC310E /* Responses */ = {
			isa = PBXGroup;
			children = (
				4C5B24381D3645DE00AC310E /* BaseResponse.swift */,
				4C5B24401D366DB400AC310E /* AuthResponse.swift */,
				88F99DAA1D49DC940031A645 /* CompaniesResponse.swift */,
				88F99DBD1D4A23B50031A645 /* CompanyResponse.swift */,
				88F99DC41D4A3FAD0031A645 /* AutosResponse.swift */,
				88F99DCA1D4A40EF0031A645 /* AutoResponse.swift */,
				88263E761D534DF300688708 /* VehiclesFilterResponse.swift */,
				88EDFA971D53C2BF005ACA54 /* AutosDictResponse.swift */,
				886BC1D21D5905C600C7C7B9 /* AutoDetailResponse.swift */,
			);
			name = Responses;
			sourceTree = "<group>";
		};
		4C5B243A1D366A8900AC310E /* Vehicles&Map */ = {
			isa = PBXGroup;
			children = (
				4C77AD6C1D34D712002FE708 /* VehiclesViewModel.swift */,
				88BC751B1D352EB400E80256 /* MapVehiclesViewController.swift */,
			);
			name = "Vehicles&Map";
			sourceTree = "<group>";
		};
		4C5B243B1D366AA000AC310E /* Auth */ = {
			isa = PBXGroup;
			children = (
				4C5B243C1D366AE900AC310E /* AuthorizationViewController.swift */,
				4C5B243E1D366B0D00AC310E /* AuthorizationViewModel.swift */,
			);
			name = Auth;
			sourceTree = "<group>";
		};
		4C5B24421D367C1F00AC310E /* Common */ = {
			isa = PBXGroup;
			children = (
				4C05421E1D4F585800644A89 /* App preferences */,
				885F5C1C1D45EC9C003353FD /* Enums */,
				885F5C151D45EA3B003353FD /* Notifications */,
				885F5C101D45E927003353FD /* Singleton */,
				4C5B24431D367C2700AC310E /* Extensions */,
			);
			name = Common;
			sourceTree = "<group>";
		};
		4C5B24431D367C2700AC310E /* Extensions */ = {
			isa = PBXGroup;
			children = (
				4C5B24441D367C3B00AC310E /* String+MD5.swift */,
			);
			name = Extensions;
			sourceTree = "<group>";
		};
		4C5EFB641D2D270F00FE882B = {
			isa = PBXGroup;
			children = (
				4C5EFB6F1D2D270F00FE882B /* Telemetry */,
				4C5EFB841D2D271000FE882B /* TelemetryTests */,
				4C5EFB8F1D2D271000FE882B /* TelemetryUITests */,
				4C5EFB6E1D2D270F00FE882B /* Products */,
				930BEBE359E66D582BE31D58 /* Pods */,
				6780F0BB9FB4831C196C2418 /* Frameworks */,
			);
			sourceTree = "<group>";
		};
		4C5EFB6E1D2D270F00FE882B /* Products */ = {
			isa = PBXGroup;
			children = (
				4C5EFB6D1D2D270F00FE882B /* Telemetry.app */,
				4C5EFB811D2D271000FE882B /* TelemetryTests.xctest */,
				4C5EFB8C1D2D271000FE882B /* TelemetryUITests.xctest */,
			);
			name = Products;
			sourceTree = "<group>";
		};
		4C5EFB6F1D2D270F00FE882B /* Telemetry */ = {
			isa = PBXGroup;
			children = (
				4C0542241D4F837200644A89 /* xibs */,
				4CA4D8741D3F8F5C0052C490 /* frameworks */,
				4C5B24421D367C1F00AC310E /* Common */,
				4C9A66801D2FE71900FCA3F4 /* Bridge */,
				4C6DEDB11D2FC06A001B5502 /* API */,
				4C6DEDAC1D2FBCCF001B5502 /* Models */,
				4C5AD7D71D2E8D1F00260F9D /* UI */,
				4C5EFB701D2D270F00FE882B /* AppDelegate.swift */,
				4C5EFB721D2D270F00FE882B /* ViewController.swift */,
				4C5EFB741D2D270F00FE882B /* Main.storyboard */,
				4C5EFB771D2D270F00FE882B /* Assets.xcassets */,
				4C5EFB791D2D270F00FE882B /* LaunchScreen.storyboard */,
				4C5EFB7C1D2D270F00FE882B /* Info.plist */,
			);
			path = Telemetry;
			sourceTree = "<group>";
		};
		4C5EFB841D2D271000FE882B /* TelemetryTests */ = {
			isa = PBXGroup;
			children = (
				4C5EFB851D2D271000FE882B /* TelemetryTests.swift */,
				4C5EFB871D2D271000FE882B /* Info.plist */,
			);
			path = TelemetryTests;
			sourceTree = "<group>";
		};
		4C5EFB8F1D2D271000FE882B /* TelemetryUITests */ = {
			isa = PBXGroup;
			children = (
				4C5EFB901D2D271000FE882B /* TelemetryUITests.swift */,
				4C5EFB921D2D271000FE882B /* Info.plist */,
			);
			path = TelemetryUITests;
			sourceTree = "<group>";
		};
		4C6DEDAC1D2FBCCF001B5502 /* Models */ = {
			isa = PBXGroup;
			children = (
				4C15235B1D33EA91002D0009 /* Vehicle.swift */,
				4C15235C1D33EA91002D0009 /* Vehicles.swift */,
				4C5B24461D36877600AC310E /* Auth.swift */,
				88F99DA31D49C88B0031A645 /* Company.swift */,
				88F99DC61D4A3FE10031A645 /* Auto.swift */,
				88F99DC81D4A3FF80031A645 /* Autos.swift */,
				88263E781D534E4900688708 /* AutoModel.swift */,
				88263E7D1D53558A00688708 /* FilterDict.swift */,
				886BC1CE1D59047100C7C7B9 /* AutoDetail.swift */,
				886BC1D01D59052900C7C7B9 /* Sensor.swift */,
			);
			name = Models;
			sourceTree = "<group>";
		};
		4C6DEDB11D2FC06A001B5502 /* API */ = {
			isa = PBXGroup;
			children = (
				88263E811D5374E000688708 /* Statuses and Errors */,
				88263E7C1D53555900688708 /* Filter */,
				4C5B24371D3645CC00AC310E /* Responses */,
				4C5B24341D3644A700AC310E /* Clients */,
				4C5B24331D36449B00AC310E /* Services */,
				4C1523631D33EC2D002D0009 /* Proxy for delegate */,
				4C9A66841D2FF41500FCA3F4 /* Requests */,
				4C5B24351D36452200AC310E /* DataLoader.swift */,
			);
			name = API;
			sourceTree = "<group>";
		};
		4C9A66801D2FE71900FCA3F4 /* Bridge */ = {
			isa = PBXGroup;
			children = (
				4C9A66811D2FE76C00FCA3F4 /* BridgingHeader.h */,
			);
			name = Bridge;
			sourceTree = "<group>";
		};
		4C9A66841D2FF41500FCA3F4 /* Requests */ = {
			isa = PBXGroup;
			children = (
				4C9A66851D2FF42E00FCA3F4 /* VehiclesRequestSocket.swift */,
			);
			name = Requests;
			sourceTree = "<group>";
		};
		4CA4D8741D3F8F5C0052C490 /* frameworks */ = {
			isa = PBXGroup;
			children = (
				4CBB2DCF1D3F938F000AAE33 /* GoogleMaps-IOS-Utils */,
			);
			path = frameworks;
			sourceTree = SOURCE_ROOT;
		};
		4CBB2DCF1D3F938F000AAE33 /* GoogleMaps-IOS-Utils */ = {
			isa = PBXGroup;
			children = (
				4CBB2DD01D3F938F000AAE33 /* Clustering */,
				4CBB2DEC1D3F938F000AAE33 /* QuadTree */,
				4C05421B1D4F4C4300644A89 /* POIItem.h */,
				4C05421C1D4F4C4300644A89 /* POIItem.m */,
			);
			path = "GoogleMaps-IOS-Utils";
			sourceTree = "<group>";
		};
		4CBB2DD01D3F938F000AAE33 /* Clustering */ = {
			isa = PBXGroup;
			children = (
				4CBB2DD11D3F938F000AAE33 /* Algo */,
				4CBB2DDB1D3F938F000AAE33 /* GMUCluster.h */,
				4CBB2DDC1D3F938F000AAE33 /* GMUClusterItem.h */,
				4CBB2DDD1D3F938F000AAE33 /* GMUClusterManager+Testing.h */,
				4CBB2DDE1D3F938F000AAE33 /* GMUClusterManager.h */,
				4CBB2DDF1D3F938F000AAE33 /* GMUClusterManager.m */,
				4CBB2DE01D3F938F000AAE33 /* GMUMarkerClustering.h */,
				4CBB2DE11D3F938F000AAE33 /* GMUStaticCluster.h */,
				4CBB2DE21D3F938F000AAE33 /* GMUStaticCluster.m */,
				4CBB2DE31D3F938F000AAE33 /* View */,
			);
			path = Clustering;
			sourceTree = "<group>";
		};
		4CBB2DD11D3F938F000AAE33 /* Algo */ = {
			isa = PBXGroup;
			children = (
				4CBB2DD21D3F938F000AAE33 /* GMUClusterAlgorithm.h */,
				4CBB2DD31D3F938F000AAE33 /* GMUGridBasedClusterAlgorithm.h */,
				4CBB2DD41D3F938F000AAE33 /* GMUGridBasedClusterAlgorithm.m */,
				4CBB2DD51D3F938F000AAE33 /* GMUNonHierarchicalDistanceBasedAlgorithm.h */,
				4CBB2DD61D3F938F000AAE33 /* GMUNonHierarchicalDistanceBasedAlgorithm.m */,
				4CBB2DD71D3F938F000AAE33 /* GMUSimpleClusterAlgorithm.h */,
				4CBB2DD81D3F938F000AAE33 /* GMUSimpleClusterAlgorithm.m */,
				4CBB2DD91D3F938F000AAE33 /* GMUWrappingDictionaryKey.h */,
				4CBB2DDA1D3F938F000AAE33 /* GMUWrappingDictionaryKey.m */,
			);
			path = Algo;
			sourceTree = "<group>";
		};
		4CBB2DE31D3F938F000AAE33 /* View */ = {
			isa = PBXGroup;
			children = (
				4CBB2DE41D3F938F000AAE33 /* GMUClusterIconGenerator.h */,
				4CBB2DE51D3F938F000AAE33 /* GMUClusterRenderer.h */,
				4CBB2DE61D3F938F000AAE33 /* GMUDefaultClusterIconGenerator+Testing.h */,
				4CBB2DE71D3F938F000AAE33 /* GMUDefaultClusterIconGenerator.h */,
				4CBB2DE81D3F938F000AAE33 /* GMUDefaultClusterIconGenerator.m */,
				4CBB2DE91D3F938F000AAE33 /* GMUDefaultClusterRenderer+Testing.h */,
				4CBB2DEA1D3F938F000AAE33 /* GMUDefaultClusterRenderer.h */,
				4CBB2DEB1D3F938F000AAE33 /* GMUDefaultClusterRenderer.m */,
			);
			path = View;
			sourceTree = "<group>";
		};
		4CBB2DEC1D3F938F000AAE33 /* QuadTree */ = {
			isa = PBXGroup;
			children = (
				4CBB2DED1D3F938F000AAE33 /* GQTBounds.h */,
				4CBB2DEE1D3F938F000AAE33 /* GQTPoint.h */,
				4CBB2DEF1D3F938F000AAE33 /* GQTPointQuadTree.h */,
				4CBB2DF01D3F938F000AAE33 /* GQTPointQuadTree.m */,
				4CBB2DF11D3F938F000AAE33 /* GQTPointQuadTreeChild.h */,
				4CBB2DF21D3F938F000AAE33 /* GQTPointQuadTreeChild.m */,
				4CBB2DF31D3F938F000AAE33 /* GQTPointQuadTreeItem.h */,
			);
			path = QuadTree;
			sourceTree = "<group>";
		};
		6780F0BB9FB4831C196C2418 /* Frameworks */ = {
			isa = PBXGroup;
			children = (
				8809A08F1D3F6AEA00974319 /* ImageIO.framework */,
				8809A08D1D3F6AD300974319 /* GLKit.framework */,
				8809A08B1D3F6A7300974319 /* SystemConfiguration.framework */,
				8809A0891D3F6A5500974319 /* CFNetwork.framework */,
				8809A0871D3F69E600974319 /* CoreText.framework */,
				8809A0851D3F69DD00974319 /* OpenGLES.framework */,
				8809A0831D3F69CA00974319 /* libz.tbd */,
				8809A0811D3F69C000974319 /* libicucore.tbd */,
				8809A07F1D3F69AF00974319 /* libc++.tbd */,
				8809A07D1D3F699400974319 /* QuartzCore.framework */,
				8809A07B1D3F698A00974319 /* AVFoundation.framework */,
				8809A0751D3F696F00974319 /* CoreGraphics.framework */,
				8809A0761D3F696F00974319 /* CoreLocation.framework */,
				8809A0771D3F696F00974319 /* Security.framework */,
				8809A06F1D3F694D00974319 /* CoreBluetooth.framework */,
				8809A0701D3F694D00974319 /* CoreData.framework */,
				8809A0711D3F694D00974319 /* CoreFoundation.framework */,
				8809A06D1D3F693000974319 /* Accelerate.framework */,
				C226D18C7F3F2FF143F99F8D /* Pods_Telemetry.framework */,
				28A21956DA93BAD659D8B0FF /* Pods_TelemetryTests.framework */,
				BDD0AB69755E940F1DAF3275 /* Pods_TelemetryUITests.framework */,
			);
			name = Frameworks;
			sourceTree = "<group>";
		};
		88263E7C1D53555900688708 /* Filter */ = {
			isa = PBXGroup;
			children = (
				4C22804B1D4FB7FD008B0722 /* Filter.swift */,
			);
			name = Filter;
			sourceTree = "<group>";
		};
		88263E811D5374E000688708 /* Statuses and Errors */ = {
			isa = PBXGroup;
			children = (
				88263E821D53750200688708 /* Status.swift */,
				88EDFA991D544EE3005ACA54 /* APIError.swift */,
			);
			name = "Statuses and Errors";
			sourceTree = "<group>";
		};
		8840980E1D427503007FEE7E /* Common */ = {
			isa = PBXGroup;
			children = (
				8840980F1D427525007FEE7E /* ContainerController.swift */,
				885F5C0E1D45E6F7003353FD /* TabBarController.swift */,
				885F5C131D45EA18003353FD /* DarkAlphaView.swift */,
				885F5C181D45EAAC003353FD /* MenuItemViewController.swift */,
				88263E7F1D53688900688708 /* SelectableTableViewController.swift */,
			);
			name = Common;
			sourceTree = "<group>";
		};
		884098111D42754D007FEE7E /* Base */ = {
			isa = PBXGroup;
			children = (
				884098121D427569007FEE7E /* BaseViewController.swift */,
				885F5C1A1D45EAFD003353FD /* BaseTableViewController.swift */,
				88F99DB11D49EA060031A645 /* BaseCollectionViewController.swift */,
			);
			name = Base;
			sourceTree = "<group>";
		};
		885F5C101D45E927003353FD /* Singleton */ = {
			isa = PBXGroup;
			children = (
				885F5C111D45E93A003353FD /* ApplicationState.swift */,
			);
			name = Singleton;
			sourceTree = "<group>";
		};
		885F5C151D45EA3B003353FD /* Notifications */ = {
			isa = PBXGroup;
			children = (
				885F5C161D45EA56003353FD /* NotificationManager.swift */,
			);
			name = Notifications;
			sourceTree = "<group>";
		};
		885F5C1C1D45EC9C003353FD /* Enums */ = {
			isa = PBXGroup;
			children = (
				885F5C1D1D45ECB0003353FD /* MenuItem.swift */,
			);
			name = Enums;
			sourceTree = "<group>";
		};
		88CAB7D91D54B91B004829F9 /* Settings */ = {
			isa = PBXGroup;
			children = (
				88CAB7DA1D54B93B004829F9 /* SettingsTableViewController.swift */,
			);
			name = Settings;
			sourceTree = "<group>";
		};
		88F99DA51D49C8AD0031A645 /* Organizations */ = {
			isa = PBXGroup;
			children = (
				88F99DB51D49EEEA0031A645 /* CompaniesViewController.swift */,
				88F99DA61D49C8C40031A645 /* CompaniesViewModel.swift */,
				88F99DB71D4A22170031A645 /* CompanyViewController.swift */,
				88F99DB91D4A226D0031A645 /* CompanyViewModel.swift */,
			);
			name = Organizations;
			sourceTree = "<group>";
		};
		88F99DAE1D49E9A00031A645 /* Cells */ = {
			isa = PBXGroup;
			children = (
				88F99DB31D49EBE90031A645 /* CompanyTableCell.swift */,
				88F99DCE1D4A44560031A645 /* AutoCollectionCell.swift */,
				4C132A991D4FA27600B47BFF /* CommonCell.swift */,
				886BC1CC1D5878E800C7C7B9 /* SelectableCell.swift */,
			);
			name = Cells;
			sourceTree = "<group>";
		};
		88F99DBF1D4A377C0031A645 /* Vehicles */ = {
			isa = PBXGroup;
			children = (
				88F99DC01D4A39470031A645 /* AutosViewController.swift */,
				88F99DCC1D4A438E0031A645 /* AutosViewModel.swift */,
				88F99DD01D4A4B480031A645 /* AutoViewController.swift */,
				88F99DD21D4A4B560031A645 /* AutoViewModel.swift */,
			);
			name = Vehicles;
			sourceTree = "<group>";
		};
		930BEBE359E66D582BE31D58 /* Pods */ = {
			isa = PBXGroup;
			children = (
				1A5863E4094CA416F5D60714 /* Pods-Telemetry.debug.xcconfig */,
				04122A061DEAC585D1F2B1C4 /* Pods-Telemetry.release.xcconfig */,
				01902F34B488B83F69A7A49D /* Pods-TelemetryTests.debug.xcconfig */,
				E6173000B8F8B5DA0D2CE7B2 /* Pods-TelemetryTests.release.xcconfig */,
				AC8A71628067E040B1606B5F /* Pods-TelemetryUITests.debug.xcconfig */,
				C9C0F15AB2A7A13BE9DB593E /* Pods-TelemetryUITests.release.xcconfig */,
			);
			name = Pods;
			sourceTree = "<group>";
		};
/* End PBXGroup section */

/* Begin PBXNativeTarget section */
		4C5EFB6C1D2D270F00FE882B /* Telemetry */ = {
			isa = PBXNativeTarget;
			buildConfigurationList = 4C5EFB951D2D271000FE882B /* Build configuration list for PBXNativeTarget "Telemetry" */;
			buildPhases = (
				483E787E4A5D101593DAA536 /* 📦 Check Pods Manifest.lock */,
				4C5EFB691D2D270F00FE882B /* Sources */,
				4C5EFB6A1D2D270F00FE882B /* Frameworks */,
				4C5EFB6B1D2D270F00FE882B /* Resources */,
				69C6EE3E8CA647BE4BDFC917 /* 📦 Embed Pods Frameworks */,
				D39C47D771D274CE8DC47E2E /* 📦 Copy Pods Resources */,
				88EDFAAF1D54AC07005ACA54 /* ShellScript */,
			);
			buildRules = (
				88EDFAAE1D54ABF4005ACA54 /* PBXBuildRule */,
				88EDFAAD1D54ABF1005ACA54 /* PBXBuildRule */,
			);
			dependencies = (
			);
			name = Telemetry;
			productName = Telemetry;
			productReference = 4C5EFB6D1D2D270F00FE882B /* Telemetry.app */;
			productType = "com.apple.product-type.application";
		};
		4C5EFB801D2D271000FE882B /* TelemetryTests */ = {
			isa = PBXNativeTarget;
			buildConfigurationList = 4C5EFB981D2D271000FE882B /* Build configuration list for PBXNativeTarget "TelemetryTests" */;
			buildPhases = (
				6917C2F21FB2A296B4C75673 /* 📦 Check Pods Manifest.lock */,
				4C5EFB7D1D2D271000FE882B /* Sources */,
				4C5EFB7E1D2D271000FE882B /* Frameworks */,
				4C5EFB7F1D2D271000FE882B /* Resources */,
				35F072D21BFA3B47C88F1A98 /* 📦 Embed Pods Frameworks */,
				6C45E3AFBDAC3C1404491BE7 /* 📦 Copy Pods Resources */,
			);
			buildRules = (
			);
			dependencies = (
				4C5EFB831D2D271000FE882B /* PBXTargetDependency */,
			);
			name = TelemetryTests;
			productName = TelemetryTests;
			productReference = 4C5EFB811D2D271000FE882B /* TelemetryTests.xctest */;
			productType = "com.apple.product-type.bundle.unit-test";
		};
		4C5EFB8B1D2D271000FE882B /* TelemetryUITests */ = {
			isa = PBXNativeTarget;
			buildConfigurationList = 4C5EFB9B1D2D271000FE882B /* Build configuration list for PBXNativeTarget "TelemetryUITests" */;
			buildPhases = (
				E121AFD734A75C5FA5DD84D7 /* 📦 Check Pods Manifest.lock */,
				4C5EFB881D2D271000FE882B /* Sources */,
				4C5EFB891D2D271000FE882B /* Frameworks */,
				4C5EFB8A1D2D271000FE882B /* Resources */,
				54F1B01CAF551852314F107B /* 📦 Copy Pods Resources */,
			);
			buildRules = (
			);
			dependencies = (
				4C5EFB8E1D2D271000FE882B /* PBXTargetDependency */,
			);
			name = TelemetryUITests;
			productName = TelemetryUITests;
			productReference = 4C5EFB8C1D2D271000FE882B /* TelemetryUITests.xctest */;
			productType = "com.apple.product-type.bundle.ui-testing";
		};
/* End PBXNativeTarget section */

/* Begin PBXProject section */
		4C5EFB651D2D270F00FE882B /* Project object */ = {
			isa = PBXProject;
			attributes = {
				LastSwiftUpdateCheck = 0730;
				LastUpgradeCheck = 0730;
				ORGANIZATIONNAME = GBU;
				TargetAttributes = {
					4C5EFB6C1D2D270F00FE882B = {
						CreatedOnToolsVersion = 7.3.1;
						DevelopmentTeam = WLFBMB9YE7;
					};
					4C5EFB801D2D271000FE882B = {
						CreatedOnToolsVersion = 7.3.1;
						TestTargetID = 4C5EFB6C1D2D270F00FE882B;
					};
					4C5EFB8B1D2D271000FE882B = {
						CreatedOnToolsVersion = 7.3.1;
						TestTargetID = 4C5EFB6C1D2D270F00FE882B;
					};
				};
			};
			buildConfigurationList = 4C5EFB681D2D270F00FE882B /* Build configuration list for PBXProject "Telemetry" */;
			compatibilityVersion = "Xcode 3.2";
			developmentRegion = English;
			hasScannedForEncodings = 0;
			knownRegions = (
				en,
				Base,
			);
			mainGroup = 4C5EFB641D2D270F00FE882B;
			productRefGroup = 4C5EFB6E1D2D270F00FE882B /* Products */;
			projectDirPath = "";
			projectRoot = "";
			targets = (
				4C5EFB6C1D2D270F00FE882B /* Telemetry */,
				4C5EFB801D2D271000FE882B /* TelemetryTests */,
				4C5EFB8B1D2D271000FE882B /* TelemetryUITests */,
			);
		};
/* End PBXProject section */

/* Begin PBXResourcesBuildPhase section */
		4C5EFB6B1D2D270F00FE882B /* Resources */ = {
			isa = PBXResourcesBuildPhase;
			buildActionMask = 2147483647;
			files = (
				4C5EFB7B1D2D270F00FE882B /* LaunchScreen.storyboard in Resources */,
				4C0542261D4F838C00644A89 /* MarkerIcon.xib in Resources */,
				4C5EFB781D2D270F00FE882B /* Assets.xcassets in Resources */,
				88EDFA9C1D547B4E005ACA54 /* MarkerWindow.xib in Resources */,
				4C5EFB761D2D270F00FE882B /* Main.storyboard in Resources */,
			);
			runOnlyForDeploymentPostprocessing = 0;
		};
		4C5EFB7F1D2D271000FE882B /* Resources */ = {
			isa = PBXResourcesBuildPhase;
			buildActionMask = 2147483647;
			files = (
			);
			runOnlyForDeploymentPostprocessing = 0;
		};
		4C5EFB8A1D2D271000FE882B /* Resources */ = {
			isa = PBXResourcesBuildPhase;
			buildActionMask = 2147483647;
			files = (
			);
			runOnlyForDeploymentPostprocessing = 0;
		};
/* End PBXResourcesBuildPhase section */

/* Begin PBXShellScriptBuildPhase section */
		35F072D21BFA3B47C88F1A98 /* 📦 Embed Pods Frameworks */ = {
			isa = PBXShellScriptBuildPhase;
			buildActionMask = 2147483647;
			files = (
			);
			inputPaths = (
			);
			name = "📦 Embed Pods Frameworks";
			outputPaths = (
			);
			runOnlyForDeploymentPostprocessing = 0;
			shellPath = /bin/sh;
			shellScript = "\"${SRCROOT}/Pods/Target Support Files/Pods-TelemetryTests/Pods-TelemetryTests-frameworks.sh\"\n";
			showEnvVarsInLog = 0;
		};
		483E787E4A5D101593DAA536 /* 📦 Check Pods Manifest.lock */ = {
			isa = PBXShellScriptBuildPhase;
			buildActionMask = 2147483647;
			files = (
			);
			inputPaths = (
			);
			name = "📦 Check Pods Manifest.lock";
			outputPaths = (
			);
			runOnlyForDeploymentPostprocessing = 0;
			shellPath = /bin/sh;
			shellScript = "diff \"${PODS_ROOT}/../Podfile.lock\" \"${PODS_ROOT}/Manifest.lock\" > /dev/null\nif [[ $? != 0 ]] ; then\n    cat << EOM\nerror: The sandbox is not in sync with the Podfile.lock. Run 'pod install' or update your CocoaPods installation.\nEOM\n    exit 1\nfi\n";
			showEnvVarsInLog = 0;
		};
		54F1B01CAF551852314F107B /* 📦 Copy Pods Resources */ = {
			isa = PBXShellScriptBuildPhase;
			buildActionMask = 2147483647;
			files = (
			);
			inputPaths = (
			);
			name = "📦 Copy Pods Resources";
			outputPaths = (
			);
			runOnlyForDeploymentPostprocessing = 0;
			shellPath = /bin/sh;
			shellScript = "\"${SRCROOT}/Pods/Target Support Files/Pods-TelemetryUITests/Pods-TelemetryUITests-resources.sh\"\n";
			showEnvVarsInLog = 0;
		};
		6917C2F21FB2A296B4C75673 /* 📦 Check Pods Manifest.lock */ = {
			isa = PBXShellScriptBuildPhase;
			buildActionMask = 2147483647;
			files = (
			);
			inputPaths = (
			);
			name = "📦 Check Pods Manifest.lock";
			outputPaths = (
			);
			runOnlyForDeploymentPostprocessing = 0;
			shellPath = /bin/sh;
			shellScript = "diff \"${PODS_ROOT}/../Podfile.lock\" \"${PODS_ROOT}/Manifest.lock\" > /dev/null\nif [[ $? != 0 ]] ; then\n    cat << EOM\nerror: The sandbox is not in sync with the Podfile.lock. Run 'pod install' or update your CocoaPods installation.\nEOM\n    exit 1\nfi\n";
			showEnvVarsInLog = 0;
		};
		69C6EE3E8CA647BE4BDFC917 /* 📦 Embed Pods Frameworks */ = {
			isa = PBXShellScriptBuildPhase;
			buildActionMask = 2147483647;
			files = (
			);
			inputPaths = (
			);
			name = "📦 Embed Pods Frameworks";
			outputPaths = (
			);
			runOnlyForDeploymentPostprocessing = 0;
			shellPath = /bin/sh;
			shellScript = "\"${SRCROOT}/Pods/Target Support Files/Pods-Telemetry/Pods-Telemetry-frameworks.sh\"\n";
			showEnvVarsInLog = 0;
		};
		6C45E3AFBDAC3C1404491BE7 /* 📦 Copy Pods Resources */ = {
			isa = PBXShellScriptBuildPhase;
			buildActionMask = 2147483647;
			files = (
			);
			inputPaths = (
			);
			name = "📦 Copy Pods Resources";
			outputPaths = (
			);
			runOnlyForDeploymentPostprocessing = 0;
			shellPath = /bin/sh;
			shellScript = "\"${SRCROOT}/Pods/Target Support Files/Pods-TelemetryTests/Pods-TelemetryTests-resources.sh\"\n";
			showEnvVarsInLog = 0;
		};
		88EDFAAF1D54AC07005ACA54 /* ShellScript */ = {
			isa = PBXShellScriptBuildPhase;
			buildActionMask = 2147483647;
			files = (
			);
			inputPaths = (
			);
			outputPaths = (
			);
			runOnlyForDeploymentPostprocessing = 0;
			shellPath = /bin/sh;
			shellScript = "\"${PODS_ROOT}/Fabric/run\" 92bff5fae5cb63aaa6b7fefe71396ef6a7f0b37f eadd60e8b68765410fed4fc59c3423e3644f13404be1e704087b007885278143\n";
		};
		D39C47D771D274CE8DC47E2E /* 📦 Copy Pods Resources */ = {
			isa = PBXShellScriptBuildPhase;
			buildActionMask = 2147483647;
			files = (
			);
			inputPaths = (
			);
			name = "📦 Copy Pods Resources";
			outputPaths = (
			);
			runOnlyForDeploymentPostprocessing = 0;
			shellPath = /bin/sh;
			shellScript = "\"${SRCROOT}/Pods/Target Support Files/Pods-Telemetry/Pods-Telemetry-resources.sh\"\n";
			showEnvVarsInLog = 0;
		};
		E121AFD734A75C5FA5DD84D7 /* 📦 Check Pods Manifest.lock */ = {
			isa = PBXShellScriptBuildPhase;
			buildActionMask = 2147483647;
			files = (
			);
			inputPaths = (
			);
			name = "📦 Check Pods Manifest.lock";
			outputPaths = (
			);
			runOnlyForDeploymentPostprocessing = 0;
			shellPath = /bin/sh;
			shellScript = "diff \"${PODS_ROOT}/../Podfile.lock\" \"${PODS_ROOT}/Manifest.lock\" > /dev/null\nif [[ $? != 0 ]] ; then\n    cat << EOM\nerror: The sandbox is not in sync with the Podfile.lock. Run 'pod install' or update your CocoaPods installation.\nEOM\n    exit 1\nfi\n";
			showEnvVarsInLog = 0;
		};
/* End PBXShellScriptBuildPhase section */

/* Begin PBXSourcesBuildPhase section */
		4C5EFB691D2D270F00FE882B /* Sources */ = {
			isa = PBXSourcesBuildPhase;
			buildActionMask = 2147483647;
			files = (
				88F99DCF1D4A44560031A645 /* AutoCollectionCell.swift in Sources */,
				88F99DCB1D4A40EF0031A645 /* AutoResponse.swift in Sources */,
				4CBB2DFC1D3F938F000AAE33 /* GQTPointQuadTree.m in Sources */,
				4C1523601D33EA9E002D0009 /* VehiclesAPIService.swift in Sources */,
				884098131D427569007FEE7E /* BaseViewController.swift in Sources */,
				88F99DA41D49C88B0031A645 /* Company.swift in Sources */,
				4CBB2DF91D3F938F000AAE33 /* GMUStaticCluster.m in Sources */,
				4CBB2DFD1D3F938F000AAE33 /* GQTPointQuadTreeChild.m in Sources */,
				4C9A66861D2FF42E00FCA3F4 /* VehiclesRequestSocket.swift in Sources */,
				88263E791D534E4900688708 /* AutoModel.swift in Sources */,
				4C132A951D4FA04F00B47BFF /* MapFilterViewController.swift in Sources */,
				88BC751C1D352EB400E80256 /* MapVehiclesViewController.swift in Sources */,
				88F99DB21D49EA060031A645 /* BaseCollectionViewController.swift in Sources */,
				4C56B69E1D390E6B00B3BF7D /* RxGoogleMapsDelegateProxy.swift in Sources */,
				885F5C171D45EA56003353FD /* NotificationManager.swift in Sources */,
				4C5B24451D367C3B00AC310E /* String+MD5.swift in Sources */,
				88EDFAA61D547DA0005ACA54 /* MarkerWindow.swift in Sources */,
				4CBB2DFB1D3F938F000AAE33 /* GMUDefaultClusterRenderer.m in Sources */,
				4C5B243D1D366AE900AC310E /* AuthorizationViewController.swift in Sources */,
				4C5B24471D36877600AC310E /* Auth.swift in Sources */,
				88263E801D53688900688708 /* SelectableTableViewController.swift in Sources */,
				4C5B243F1D366B0D00AC310E /* AuthorizationViewModel.swift in Sources */,
				4C2280481D4FB5B4008B0722 /* CompanyFilterViewController.swift in Sources */,
				4C05422B1D4F86DB00644A89 /* MarkerIcon.m in Sources */,
				88F99DBA1D4A226D0031A645 /* CompanyViewModel.swift in Sources */,
				4C9A66831D2FE82F00FCA3F4 /* TelemetryClient.swift in Sources */,
				885F5C1B1D45EAFD003353FD /* BaseTableViewController.swift in Sources */,
				88263E831D53750200688708 /* Status.swift in Sources */,
				88F99DD11D4A4B480031A645 /* AutoViewController.swift in Sources */,
				4CBB2DF81D3F938F000AAE33 /* GMUClusterManager.m in Sources */,
				88EDFA981D53C2BF005ACA54 /* AutosDictResponse.swift in Sources */,
				4C05421D1D4F4C4300644A89 /* POIItem.m in Sources */,
				4C0542231D4F589E00644A89 /* PreferencesManager.swift in Sources */,
				88F99DC51D4A3FAD0031A645 /* AutosResponse.swift in Sources */,
				4C1523621D33EAE8002D0009 /* RxSocketManagerDelegateProxy.swift in Sources */,
				885F5C141D45EA18003353FD /* DarkAlphaView.swift in Sources */,
				4C5B24301D36432400AC310E /* AuthClient.swift in Sources */,
				88F99DC11D4A39470031A645 /* AutosViewController.swift in Sources */,
				4C22804C1D4FB7FD008B0722 /* Filter.swift in Sources */,
				4C5EFB731D2D270F00FE882B /* ViewController.swift in Sources */,
				88F99DA71D49C8C40031A645 /* CompaniesViewModel.swift in Sources */,
				4C5EFB711D2D270F00FE882B /* AppDelegate.swift in Sources */,
				4CBB2DF61D3F938F000AAE33 /* GMUSimpleClusterAlgorithm.m in Sources */,
				886BC1D11D59052900C7C7B9 /* Sensor.swift in Sources */,
				4C5B24321D36449100AC310E /* AuthAPIService.swift in Sources */,
				88263E7E1D53558A00688708 /* FilterDict.swift in Sources */,
				886BC1D31D5905C600C7C7B9 /* AutoDetailResponse.swift in Sources */,
				885F5C121D45E93A003353FD /* ApplicationState.swift in Sources */,
				4C5B24361D36452200AC310E /* DataLoader.swift in Sources */,
				88F99DD31D4A4B560031A645 /* AutoViewModel.swift in Sources */,
				885F5C0F1D45E6F7003353FD /* TabBarController.swift in Sources */,
				88F99DA91D49DC2F0031A645 /* CompaniesClient.swift in Sources */,
				88F99DBE1D4A23B50031A645 /* CompanyResponse.swift in Sources */,
				4CBB2DFA1D3F938F000AAE33 /* GMUDefaultClusterIconGenerator.m in Sources */,
				885F5C1E1D45ECB0003353FD /* MenuItem.swift in Sources */,
				886BC1CF1D59047100C7C7B9 /* AutoDetail.swift in Sources */,
				88F99DCD1D4A438E0031A645 /* AutosViewModel.swift in Sources */,
				88EDFAA11D547CB3005ACA54 /* Old.m in Sources */,
				4C77AD6D1D34D712002FE708 /* VehiclesViewModel.swift in Sources */,
				88F99DC31D4A3E020031A645 /* AutosClient.swift in Sources */,
				4C5B24391D3645DE00AC310E /* BaseResponse.swift in Sources */,
				886BC1CD1D5878E800C7C7B9 /* SelectableCell.swift in Sources */,
				4CBB2DF71D3F938F000AAE33 /* GMUWrappingDictionaryKey.m in Sources */,
				88263E7B1D53517500688708 /* VehiclesFilterViewModel.swift in Sources */,
				88263E751D534DBF00688708 /* VehiclesFilterClient.swift in Sources */,
				4C15235D1D33EA91002D0009 /* Vehicle.swift in Sources */,
				885F5C191D45EAAC003353FD /* MenuItemViewController.swift in Sources */,
				88F99DB41D49EBE90031A645 /* CompanyTableCell.swift in Sources */,
				88F99DC71D4A3FE10031A645 /* Auto.swift in Sources */,
				4C132A9A1D4FA27600B47BFF /* CommonCell.swift in Sources */,
				884098101D427525007FEE7E /* ContainerController.swift in Sources */,
				4C15235E1D33EA91002D0009 /* Vehicles.swift in Sources */,
				88F99DC91D4A3FF80031A645 /* Autos.swift in Sources */,
				88263E771D534DF300688708 /* VehiclesFilterResponse.swift in Sources */,
				4CBB2DF51D3F938F000AAE33 /* GMUNonHierarchicalDistanceBasedAlgorithm.m in Sources */,
				88F99DAB1D49DC940031A645 /* CompaniesResponse.swift in Sources */,
				4CBB2DF41D3F938F000AAE33 /* GMUGridBasedClusterAlgorithm.m in Sources */,
				4C5B24411D366DB400AC310E /* AuthResponse.swift in Sources */,
				88F99DB81D4A22170031A645 /* CompanyViewController.swift in Sources */,
				88F99DB61D49EEEA0031A645 /* CompaniesViewController.swift in Sources */,
				88CAB7DB1D54B93B004829F9 /* SettingsTableViewController.swift in Sources */,
				88F99DBC1D4A236C0031A645 /* CompanyClient.swift in Sources */,
				88F99DD51D4A4B970031A645 /* AutoClient.swift in Sources */,
				88EDFA9A1D544EE3005ACA54 /* APIError.swift in Sources */,
			);
			runOnlyForDeploymentPostprocessing = 0;
		};
		4C5EFB7D1D2D271000FE882B /* Sources */ = {
			isa = PBXSourcesBuildPhase;
			buildActionMask = 2147483647;
			files = (
				4C5EFB861D2D271000FE882B /* TelemetryTests.swift in Sources */,
			);
			runOnlyForDeploymentPostprocessing = 0;
		};
		4C5EFB881D2D271000FE882B /* Sources */ = {
			isa = PBXSourcesBuildPhase;
			buildActionMask = 2147483647;
			files = (
				4C5EFB911D2D271000FE882B /* TelemetryUITests.swift in Sources */,
			);
			runOnlyForDeploymentPostprocessing = 0;
		};
/* End PBXSourcesBuildPhase section */

/* Begin PBXTargetDependency section */
		4C5EFB831D2D271000FE882B /* PBXTargetDependency */ = {
			isa = PBXTargetDependency;
			target = 4C5EFB6C1D2D270F00FE882B /* Telemetry */;
			targetProxy = 4C5EFB821D2D271000FE882B /* PBXContainerItemProxy */;
		};
		4C5EFB8E1D2D271000FE882B /* PBXTargetDependency */ = {
			isa = PBXTargetDependency;
			target = 4C5EFB6C1D2D270F00FE882B /* Telemetry */;
			targetProxy = 4C5EFB8D1D2D271000FE882B /* PBXContainerItemProxy */;
		};
/* End PBXTargetDependency section */

/* Begin PBXVariantGroup section */
		4C5EFB741D2D270F00FE882B /* Main.storyboard */ = {
			isa = PBXVariantGroup;
			children = (
				4C5EFB751D2D270F00FE882B /* Base */,
			);
			name = Main.storyboard;
			sourceTree = "<group>";
		};
		4C5EFB791D2D270F00FE882B /* LaunchScreen.storyboard */ = {
			isa = PBXVariantGroup;
			children = (
				4C5EFB7A1D2D270F00FE882B /* Base */,
			);
			name = LaunchScreen.storyboard;
			sourceTree = "<group>";
		};
/* End PBXVariantGroup section */

/* Begin XCBuildConfiguration section */
		4C5EFB931D2D271000FE882B /* Debug */ = {
			isa = XCBuildConfiguration;
			buildSettings = {
				ALWAYS_SEARCH_USER_PATHS = NO;
				CLANG_ANALYZER_NONNULL = YES;
				CLANG_CXX_LANGUAGE_STANDARD = "gnu++0x";
				CLANG_CXX_LIBRARY = "libc++";
				CLANG_ENABLE_MODULES = YES;
				CLANG_ENABLE_OBJC_ARC = YES;
				CLANG_WARN_BOOL_CONVERSION = YES;
				CLANG_WARN_CONSTANT_CONVERSION = YES;
				CLANG_WARN_DIRECT_OBJC_ISA_USAGE = YES_ERROR;
				CLANG_WARN_EMPTY_BODY = YES;
				CLANG_WARN_ENUM_CONVERSION = YES;
				CLANG_WARN_INT_CONVERSION = YES;
				CLANG_WARN_OBJC_ROOT_CLASS = YES_ERROR;
				CLANG_WARN_UNREACHABLE_CODE = YES;
				CLANG_WARN__DUPLICATE_METHOD_MATCH = YES;
				"CODE_SIGN_IDENTITY[sdk=iphoneos*]" = "iPhone Developer";
				COPY_PHASE_STRIP = NO;
				DEBUG_INFORMATION_FORMAT = dwarf;
				ENABLE_STRICT_OBJC_MSGSEND = YES;
				ENABLE_TESTABILITY = YES;
				FRAMEWORK_SEARCH_PATHS = (
					"$(PROJECT_DIR)/Telemetry/GoogleMaps.framework",
					"$(inherited)",
				);
				GCC_C_LANGUAGE_STANDARD = gnu99;
				GCC_DYNAMIC_NO_PIC = NO;
				GCC_NO_COMMON_BLOCKS = YES;
				GCC_OPTIMIZATION_LEVEL = 0;
				GCC_PREPROCESSOR_DEFINITIONS = (
					"DEBUG=1",
					"$(inherited)",
				);
				GCC_WARN_64_TO_32_BIT_CONVERSION = YES;
				GCC_WARN_ABOUT_RETURN_TYPE = YES_ERROR;
				GCC_WARN_UNDECLARED_SELECTOR = YES;
				GCC_WARN_UNINITIALIZED_AUTOS = YES_AGGRESSIVE;
				GCC_WARN_UNUSED_FUNCTION = YES;
				GCC_WARN_UNUSED_VARIABLE = YES;
				HEADER_SEARCH_PATHS = "$(PROJECT_DIR)/Telemetry/GoogleMaps.framework/Headers";
				IPHONEOS_DEPLOYMENT_TARGET = 9.3;
				LD_RUNPATH_SEARCH_PATHS = "";
				LIBRARY_SEARCH_PATHS = "$(PROJECT_DIR)/Telemetry";
				MTL_ENABLE_DEBUG_INFO = YES;
				ONLY_ACTIVE_ARCH = YES;
				OTHER_LDFLAGS = (
					"-all_load",
					"-ObjC",
					"$(inherited)",
				);
				SDKROOT = iphoneos;
				SWIFT_OBJC_BRIDGING_HEADER = Telemetry/BridgingHeader.h;
				SWIFT_OPTIMIZATION_LEVEL = "-Onone";
				TARGETED_DEVICE_FAMILY = "1,2";
				USER_HEADER_SEARCH_PATHS = "$(PROJECT_DIR)/Telemetry/GoogleMaps.framework/Headers";
			};
			name = Debug;
		};
		4C5EFB941D2D271000FE882B /* Release */ = {
			isa = XCBuildConfiguration;
			buildSettings = {
				ALWAYS_SEARCH_USER_PATHS = NO;
				CLANG_ANALYZER_NONNULL = YES;
				CLANG_CXX_LANGUAGE_STANDARD = "gnu++0x";
				CLANG_CXX_LIBRARY = "libc++";
				CLANG_ENABLE_MODULES = YES;
				CLANG_ENABLE_OBJC_ARC = YES;
				CLANG_WARN_BOOL_CONVERSION = YES;
				CLANG_WARN_CONSTANT_CONVERSION = YES;
				CLANG_WARN_DIRECT_OBJC_ISA_USAGE = YES_ERROR;
				CLANG_WARN_EMPTY_BODY = YES;
				CLANG_WARN_ENUM_CONVERSION = YES;
				CLANG_WARN_INT_CONVERSION = YES;
				CLANG_WARN_OBJC_ROOT_CLASS = YES_ERROR;
				CLANG_WARN_UNREACHABLE_CODE = YES;
				CLANG_WARN__DUPLICATE_METHOD_MATCH = YES;
				"CODE_SIGN_IDENTITY[sdk=iphoneos*]" = "iPhone Developer";
				COPY_PHASE_STRIP = NO;
				DEBUG_INFORMATION_FORMAT = "dwarf-with-dsym";
				ENABLE_NS_ASSERTIONS = NO;
				ENABLE_STRICT_OBJC_MSGSEND = YES;
				FRAMEWORK_SEARCH_PATHS = (
					"$(PROJECT_DIR)/Telemetry/GoogleMaps.framework",
					"$(inherited)",
				);
				GCC_C_LANGUAGE_STANDARD = gnu99;
				GCC_NO_COMMON_BLOCKS = YES;
				GCC_WARN_64_TO_32_BIT_CONVERSION = YES;
				GCC_WARN_ABOUT_RETURN_TYPE = YES_ERROR;
				GCC_WARN_UNDECLARED_SELECTOR = YES;
				GCC_WARN_UNINITIALIZED_AUTOS = YES_AGGRESSIVE;
				GCC_WARN_UNUSED_FUNCTION = YES;
				GCC_WARN_UNUSED_VARIABLE = YES;
				HEADER_SEARCH_PATHS = "$(PROJECT_DIR)/Telemetry/GoogleMaps.framework/Headers";
				IPHONEOS_DEPLOYMENT_TARGET = 9.3;
				LD_RUNPATH_SEARCH_PATHS = "";
				LIBRARY_SEARCH_PATHS = "$(PROJECT_DIR)/Telemetry";
				MTL_ENABLE_DEBUG_INFO = NO;
				ONLY_ACTIVE_ARCH = NO;
				OTHER_LDFLAGS = (
					"-all_load",
					"-ObjC",
					"$(inherited)",
				);
				SDKROOT = iphoneos;
				SWIFT_OBJC_BRIDGING_HEADER = Telemetry/BridgingHeader.h;
				TARGETED_DEVICE_FAMILY = "1,2";
				USER_HEADER_SEARCH_PATHS = "$(PROJECT_DIR)/Telemetry/GoogleMaps.framework/Headers";
				VALIDATE_PRODUCT = YES;
			};
			name = Release;
		};
		4C5EFB961D2D271000FE882B /* Debug */ = {
			isa = XCBuildConfiguration;
			baseConfigurationReference = 1A5863E4094CA416F5D60714 /* Pods-Telemetry.debug.xcconfig */;
			buildSettings = {
				ALWAYS_SEARCH_USER_PATHS = NO;
				ASSETCATALOG_COMPILER_APPICON_NAME = AppIcon;
				CODE_SIGN_IDENTITY = "iPhone Developer";
				"CODE_SIGN_IDENTITY[sdk=iphoneos*]" = "iPhone Developer";
				FRAMEWORK_SEARCH_PATHS = (
					"$(inherited)",
					"$(PROJECT_DIR)/Telemetry/GoogleMaps.framework",
					"$(PROJECT_DIR)/Telemetry",
					"$(PROJECT_DIR)/Telemetry/frameworks",
					"$(PROJECT_DIR)/frameworks",
				);
				HEADER_SEARCH_PATHS = "$(PROJECT_DIR)/Telemetry/GoogleMaps.framework/Headers";
				INFOPLIST_FILE = Telemetry/Info.plist;
				LD_RUNPATH_SEARCH_PATHS = "$(inherited) @executable_path/Frameworks";
				LIBRARY_SEARCH_PATHS = "$(PROJECT_DIR)/Telemetry/GoogleMaps.framework";
				ONLY_ACTIVE_ARCH = YES;
				PRODUCT_BUNDLE_IDENTIFIER = org.gbu.Telemetry;
				PRODUCT_NAME = "$(TARGET_NAME)";
				PROVISIONING_PROFILE = "";
				USER_HEADER_SEARCH_PATHS = "$(PROJECT_DIR)/Telemetry/GoogleMaps.framework/Headers";
			};
			name = Debug;
		};
		4C5EFB971D2D271000FE882B /* Release */ = {
			isa = XCBuildConfiguration;
			baseConfigurationReference = 04122A061DEAC585D1F2B1C4 /* Pods-Telemetry.release.xcconfig */;
			buildSettings = {
				ALWAYS_SEARCH_USER_PATHS = NO;
				ASSETCATALOG_COMPILER_APPICON_NAME = AppIcon;
				CODE_SIGN_IDENTITY = "iPhone Developer";
				"CODE_SIGN_IDENTITY[sdk=iphoneos*]" = "iPhone Developer";
				FRAMEWORK_SEARCH_PATHS = (
					"$(inherited)",
					"$(PROJECT_DIR)/Telemetry",
					"$(PROJECT_DIR)/Telemetry/frameworks",
					"$(PROJECT_DIR)/frameworks",
				);
				HEADER_SEARCH_PATHS = "$(PROJECT_DIR)/Telemetry/GoogleMaps.framework/Headers";
				INFOPLIST_FILE = Telemetry/Info.plist;
				LD_RUNPATH_SEARCH_PATHS = "$(inherited) @executable_path/Frameworks";
				LIBRARY_SEARCH_PATHS = "$(PROJECT_DIR)/Telemetry/GoogleMaps.framework";
				PRODUCT_BUNDLE_IDENTIFIER = org.gbu.Telemetry;
				PRODUCT_NAME = "$(TARGET_NAME)";
				PROVISIONING_PROFILE = "";
				USER_HEADER_SEARCH_PATHS = "$(PROJECT_DIR)/Telemetry/GoogleMaps.framework/Headers";
			};
			name = Release;
		};
		4C5EFB991D2D271000FE882B /* Debug */ = {
			isa = XCBuildConfiguration;
			baseConfigurationReference = 01902F34B488B83F69A7A49D /* Pods-TelemetryTests.debug.xcconfig */;
			buildSettings = {
				BUNDLE_LOADER = "$(TEST_HOST)";
				INFOPLIST_FILE = TelemetryTests/Info.plist;
				LD_RUNPATH_SEARCH_PATHS = "$(inherited) @executable_path/Frameworks @loader_path/Frameworks";
				PRODUCT_BUNDLE_IDENTIFIER = org.gbu.TelemetryTests;
				PRODUCT_NAME = "$(TARGET_NAME)";
				TEST_HOST = "$(BUILT_PRODUCTS_DIR)/Telemetry.app/Telemetry";
			};
			name = Debug;
		};
		4C5EFB9A1D2D271000FE882B /* Release */ = {
			isa = XCBuildConfiguration;
			baseConfigurationReference = E6173000B8F8B5DA0D2CE7B2 /* Pods-TelemetryTests.release.xcconfig */;
			buildSettings = {
				BUNDLE_LOADER = "$(TEST_HOST)";
				INFOPLIST_FILE = TelemetryTests/Info.plist;
				LD_RUNPATH_SEARCH_PATHS = "$(inherited) @executable_path/Frameworks @loader_path/Frameworks";
				PRODUCT_BUNDLE_IDENTIFIER = org.gbu.TelemetryTests;
				PRODUCT_NAME = "$(TARGET_NAME)";
				TEST_HOST = "$(BUILT_PRODUCTS_DIR)/Telemetry.app/Telemetry";
			};
			name = Release;
		};
		4C5EFB9C1D2D271000FE882B /* Debug */ = {
			isa = XCBuildConfiguration;
			baseConfigurationReference = AC8A71628067E040B1606B5F /* Pods-TelemetryUITests.debug.xcconfig */;
			buildSettings = {
				INFOPLIST_FILE = TelemetryUITests/Info.plist;
				LD_RUNPATH_SEARCH_PATHS = "$(inherited) @executable_path/Frameworks @loader_path/Frameworks";
				PRODUCT_BUNDLE_IDENTIFIER = org.gbu.TelemetryUITests;
				PRODUCT_NAME = "$(TARGET_NAME)";
				TEST_TARGET_NAME = Telemetry;
			};
			name = Debug;
		};
		4C5EFB9D1D2D271000FE882B /* Release */ = {
			isa = XCBuildConfiguration;
			baseConfigurationReference = C9C0F15AB2A7A13BE9DB593E /* Pods-TelemetryUITests.release.xcconfig */;
			buildSettings = {
				INFOPLIST_FILE = TelemetryUITests/Info.plist;
				LD_RUNPATH_SEARCH_PATHS = "$(inherited) @executable_path/Frameworks @loader_path/Frameworks";
				PRODUCT_BUNDLE_IDENTIFIER = org.gbu.TelemetryUITests;
				PRODUCT_NAME = "$(TARGET_NAME)";
				TEST_TARGET_NAME = Telemetry;
			};
			name = Release;
		};
/* End XCBuildConfiguration section */

/* Begin XCConfigurationList section */
		4C5EFB681D2D270F00FE882B /* Build configuration list for PBXProject "Telemetry" */ = {
			isa = XCConfigurationList;
			buildConfigurations = (
				4C5EFB931D2D271000FE882B /* Debug */,
				4C5EFB941D2D271000FE882B /* Release */,
			);
			defaultConfigurationIsVisible = 0;
			defaultConfigurationName = Release;
		};
		4C5EFB951D2D271000FE882B /* Build configuration list for PBXNativeTarget "Telemetry" */ = {
			isa = XCConfigurationList;
			buildConfigurations = (
				4C5EFB961D2D271000FE882B /* Debug */,
				4C5EFB971D2D271000FE882B /* Release */,
			);
			defaultConfigurationIsVisible = 0;
			defaultConfigurationName = Release;
		};
		4C5EFB981D2D271000FE882B /* Build configuration list for PBXNativeTarget "TelemetryTests" */ = {
			isa = XCConfigurationList;
			buildConfigurations = (
				4C5EFB991D2D271000FE882B /* Debug */,
				4C5EFB9A1D2D271000FE882B /* Release */,
			);
			defaultConfigurationIsVisible = 0;
			defaultConfigurationName = Release;
		};
		4C5EFB9B1D2D271000FE882B /* Build configuration list for PBXNativeTarget "TelemetryUITests" */ = {
			isa = XCConfigurationList;
			buildConfigurations = (
				4C5EFB9C1D2D271000FE882B /* Debug */,
				4C5EFB9D1D2D271000FE882B /* Release */,
			);
			defaultConfigurationIsVisible = 0;
			defaultConfigurationName = Release;
		};
/* End XCConfigurationList section */
	};
	rootObject = 4C5EFB651D2D270F00FE882B /* Project object */;
}
